{
  "version": 4,
  "terraform_version": "0.12.26",
  "serial": 139,
  "lineage": "06f9e0ed-b4bf-a723-eddf-bd6a643116b2",
  "outputs": {
    "azs": {
      "value": [
        "eu-west-1a",
        "eu-west-1b",
        "eu-west-1c"
      ],
      "type": [
        "list",
        "string"
      ]
    },
    "private-key": {
      "value": "-----BEGIN RSA PRIVATE KEY-----\nMIIJKAIBAAKCAgEAr5RbZnIm8PUoVlnVmrV3Q1DKCYo/wT8W4NAwmIkYUA1XrU2B\nDqsyqX6+JCw9MPfa84U5FJAMNX92VdGpz0d+svrGbVmoRBsBC8chi84bxDtefOku\nc6zMpm4jCEPspHhMUxfLWxr9RiO/v13ef/JyB6vEPUQclLPllnIdF2B1yBSKRi6c\nwrC+Xd265/faIi+0z5ulGaJPcgfUnem7tprto2+3npZB6Ik/b+A4fGFOWbZvqFEg\nmX0L0YsMRT0vFO3PrwRi2jiyEpzqdfju4vKqMKrFj4gx8ONh2D7Lx0tgbAnlYfIm\nCXiFF3ybHAbYG3MyyyAbaE0+S1uwR2T0HzmeNtIZnc7BdjQcJsF972iaQHFDtPzQ\n9t/PQz6vvyVicVVicYEBZKEtF5jyQRgL+YpZT+tm70tUJ/JDTwKVdiBsmKM/mcKs\nPAS2dB2omM6/+AuFYKc2d1VtJrM7tmvZSr356xbLw0vULskgACQsSfr6O5WOQ2MI\nqi0aoQNyDRjAb9lDowajQpYNM9qZF0eVdpavjv/BxFgQPhHfCO59vl7YYrfA/WLu\n/EqTNRDStLGT6JMbLSEJV/ReXi0AKcGH+WolA8voPkaDsFGnajvui82ni5JwBVzG\nvgliRttocNTpIUr3ckCac16zjdg2/Iy9MUA8RFm3XCuO9xrcsbUyn70VOSsCAwEA\nAQKCAgAucSiH/ZPNUpt708FLbcqBFMKMKXRZsk1j482m20SCEDVr0r9bWO9KpAq5\nWLZK2JSiq0+A3+VK1U9AvfeTq06ZGvoXfIqkkRwCuIZoC3mOu0Fv+uHdmQx8zU8Y\n5ZaXnnZZ2EZi782kmtoiTTsITuHYo5eBuR1yO+9zjvWg9FPTO5Ojorq2SLfh7j99\nEjMxrbq+22WdVTB8chPMPUH4uBw5idhg60+9qWgNOJrYU4i89COuut7Lmqbgo034\nlol4mLrBiYB4RlzbzYO69sCBaTyZKOKe56CGHi8IWvvd2FNF4Iw7Dyj+glF59+yz\nSiApipwZ3IFDYoMivbrv94UXKU9ushBwGfuA0lU8U8qvM23C8wIumEIPxZGN8BWz\nIv2g1iM/ZgAp2sVTazsnPA77062qWAEO70pGmdqwMIlHZOFh0q/bzd+zzX9qVpCS\nCpzUdCFUfJZXU4Egj/O6ozaYbcKhX7C1p/J8rAOK+lMhYo2JV2fKmC3nmXS6eoNa\n7sMTd2idCBIfcNub/G1RZIlWdp2Ewxvp2oy1yh/oCjlIY+nUukE6A9ZNO8f0aD6Y\nGh3VBAtESNVM23JyohTpd8JvioXXbBbUvoojZlwwaPAx8uO5loyBfPIofseA3lAt\nYYIxCuE7KNgUOFpoyeM2+7h0bjo86yApyCraRGA1vll13Y26WQKCAQEA6XH98IMs\ngs8SCbxz8LxNsu8SABoCplPaWiqjNIgEyHh4ZTwmYd8h7X1ezYHYLw5/6vBkl4HT\n7Ydh8FVlAHYymBjLN3tkCzD2CQNjhDBOFHJy+qoSJj9kV+zzTVBM4Haw1rIUn7FL\ndK4Cz9W69msdCTJsGhRh274RF/dY/9LH+xJB1YGEmQlHVA5RRY7+Gm+wAH5/sVwR\nI5XxheK/FDLdzzrTBM+vaBOuiMZ26M2iAksg26mwPYib2QDY/8RO1vphsW4U9MGh\n1wxTNEDfs2JirL1I8NtRlrDxDjvkE6Wtiv1LW6CluFLQ+fB5DfkS0eq751SRrTso\nd6pyVYLciF42BwKCAQEAwIsewwCmYLZZ1KvGEtOAdXMUOGG2uNmAtCVdvGqLrzfl\nGCxxWEn7+247R2QLugzNWTYvQUeDK5G0SSZqjm3UjNFSzuTLUNNWB9fO+icA45kw\nMIBYkyo2xSi2KzPUu086ZLGX+ra0Y+78BF5rX3xSS6i1GRHSRfxKsxVf/jLPXVt5\n5zOtbxTGu/Pofi6nY3vw4u2ZxBkjVYvp0YanI76wVtNWjVDFfgPi+Zj1bSBfQmBt\nj1J8oB4a/HmonY4ZWUz0VOUY+w7V1kaTwc2Owfptdc0UzNxanANYlJzVgXzU68oJ\nrr6v08tb+ObZhMUmf7SBNIl/sIsXaO4i+1YW1fh6vQKCAQEAmUrUYMoSQXduNdx9\nGbjdIMGiRVTPJp9rg8f50bX7xhRtorSD08LtCYFI7pPz/Lp9vy3KMD79hj1fT60T\nnOEAyiWF1FH/WOX2ueZyw8vgica5v+ZL8rev0Zj0D3HKeZ8W8nSP3GlUzjKx//4u\nPkAKGg71M47sz5oYqW8wDxU/YpwThPr+smuIXibksVN7gqqSnVBz02hMjNyac7t4\nk+/u/XR4OvGSEjrSYlhInwjg+LaSxgvAgjehdzb6R8GFr99MpXFO64X3GzqprGdp\nPec+OoY1TowGIHjiYeFsHIav1dQMVwe/qrEfLvD83PMQq62DZB2BZ4qwQRw45fP/\nksCiowKCAQAUOMhDTLcsoxouJthHs+Ti8PIntcN+CIHm6aG9nycKgQFTl59T2XlY\nf8xEBDLjGGMcwn8WCQ+yrLvVju5UBR70pyteRVNBKuD3M+guB5ilTrpr7Z7f3egg\nrtTrFqd6AKkuWCSRFU0+zaO0RcJbJfByt8ZFWsTNyuCBjHYneWij8m6MJLZLW1A/\n/y7kybuUzDiRbMjgeo9mdapZ8h1tuKJGjC2j697CDGBzPGhSTLsUepInIk+qdV76\nM0DNQ1ZQNa/XlrQX8gftWD4+dXtPziBe5eoQVfhCOGu+N/aIgfbOyMpZivdmdA41\nxvEDa71OXkPPo71AamtL/u63nOQLFuy1AoIBAFD2uyJlkfUSeFRsqbGupylUOSsP\n4ur3nwShEJ65T5YFygPi1V9HiAjRVyrNzQmXPCS8nTHoXFvb5FHMvl8mjbwbWGNc\n2XovBV8PM3gg0hXD6SWhMtXs0cdGa3KiixLytsYBHI/4k+T0nEc4BzSjj2uzEi9D\nDqBunpWrRBvT95erm8dOH64Pgk41D/w0BmSKtUGHYxsK5jQKrjLJHPOWn59kBgON\n+D5u2fvpUQTQLRujdbV6xpfw00iG/VYOICEgvfO2l8JUYl8imL4i+1qGSvtWo5XL\nmK1esXu/zmI8ME3lY1eiyYASfdHWyG7raYKAkgIq3sHKUMCFEmJ0em9XHEg=\n-----END RSA PRIVATE KEY-----\n",
      "type": "string"
    },
    "private_subnets": {
      "value": [
        "subnet-0be7af27f3af1086c",
        "subnet-0a664109f4d79627e",
        "subnet-08f2239a2c495f8fb"
      ],
      "type": [
        "tuple",
        [
          "string",
          "string",
          "string"
        ]
      ]
    },
    "public_subnets": {
      "value": [
        "subnet-04862f07a55068540",
        "subnet-0eb51ffdb6a602b5f",
        "subnet-0384bb47d294cf09e"
      ],
      "type": [
        "tuple",
        [
          "string",
          "string",
          "string"
        ]
      ]
    },
    "vpc_cidr_block": {
      "value": "10.0.0.0/16",
      "type": "string"
    },
    "vpc_id": {
      "value": "vpc-0d873b34d814dcc1d",
      "type": "string"
    }
  },
  "resources": [
    {
      "mode": "data",
      "type": "aws_ami",
      "name": "ubuntu",
      "provider": "provider.aws",
      "instances": [
        {
          "schema_version": 0,
          "attributes": {
            "architecture": "x86_64",
            "block_device_mappings": [
              {
                "device_name": "/dev/sda1",
                "ebs": {
                  "delete_on_termination": "true",
                  "encrypted": "false",
                  "iops": "0",
                  "snapshot_id": "snap-043d0978b82213424",
                  "volume_size": "8",
                  "volume_type": "gp2"
                },
                "no_device": "",
                "virtual_name": ""
              },
              {
                "device_name": "/dev/sdb",
                "ebs": {},
                "no_device": "",
                "virtual_name": "ephemeral0"
              },
              {
                "device_name": "/dev/sdc",
                "ebs": {},
                "no_device": "",
                "virtual_name": "ephemeral1"
              }
            ],
            "creation_date": "2020-06-11T22:06:10.000Z",
            "description": "Canonical, Ubuntu, 18.04 LTS, amd64 bionic image build on 2020-06-11",
            "executable_users": null,
            "filter": [
              {
                "name": "architecture",
                "values": [
                  "x86_64"
                ]
              },
              {
                "name": "name",
                "values": [
                  "ubuntu/images/hvm-ssd/ubuntu-bionic-18.04-amd64-server-*"
                ]
              },
              {
                "name": "root-device-type",
                "values": [
                  "ebs"
                ]
              },
              {
                "name": "virtualization-type",
                "values": [
                  "hvm"
                ]
              }
            ],
            "hypervisor": "xen",
            "id": "ami-089cc16f7f08c4457",
            "image_id": "ami-089cc16f7f08c4457",
            "image_location": "099720109477/ubuntu/images/hvm-ssd/ubuntu-bionic-18.04-amd64-server-20200611",
            "image_owner_alias": null,
            "image_type": "machine",
            "kernel_id": null,
            "most_recent": true,
            "name": "ubuntu/images/hvm-ssd/ubuntu-bionic-18.04-amd64-server-20200611",
            "name_regex": null,
            "owner_id": "099720109477",
            "owners": [
              "099720109477"
            ],
            "platform": null,
            "product_codes": [],
            "public": true,
            "ramdisk_id": null,
            "root_device_name": "/dev/sda1",
            "root_device_type": "ebs",
            "root_snapshot_id": "snap-043d0978b82213424",
            "sriov_net_support": "simple",
            "state": "available",
            "state_reason": {
              "code": "UNSET",
              "message": "UNSET"
            },
            "tags": {},
            "virtualization_type": "hvm"
          }
        }
      ]
    },
    {
      "module": "module.vpc",
      "mode": "data",
      "type": "aws_iam_policy_document",
      "name": "flow_log_cloudwatch_assume_role",
      "each": "list",
      "provider": "provider.aws",
      "instances": []
    },
    {
      "module": "module.vpc",
      "mode": "data",
      "type": "aws_iam_policy_document",
      "name": "vpc_flow_log_cloudwatch",
      "each": "list",
      "provider": "provider.aws",
      "instances": []
    },
    {
      "mode": "data",
      "type": "aws_subnet_ids",
      "name": "publicsub",
      "provider": "provider.aws",
      "instances": [
        {
          "schema_version": 0,
          "attributes": {
            "filter": null,
            "id": "vpc-0d873b34d814dcc1d",
            "ids": [
              "subnet-0384bb47d294cf09e",
              "subnet-04862f07a55068540",
              "subnet-08f2239a2c495f8fb",
              "subnet-0a664109f4d79627e",
              "subnet-0be7af27f3af1086c",
              "subnet-0eb51ffdb6a602b5f"
            ],
            "tags": null,
            "vpc_id": "vpc-0d873b34d814dcc1d"
          }
        }
      ]
    },
    {
      "module": "module.vpc",
      "mode": "data",
      "type": "aws_vpc_endpoint_service",
      "name": "access_analyzer",
      "each": "list",
      "provider": "provider.aws",
      "instances": []
    },
    {
      "module": "module.vpc",
      "mode": "data",
      "type": "aws_vpc_endpoint_service",
      "name": "acm_pca",
      "each": "list",
      "provider": "provider.aws",
      "instances": []
    },
    {
      "module": "module.vpc",
      "mode": "data",
      "type": "aws_vpc_endpoint_service",
      "name": "apigw",
      "each": "list",
      "provider": "provider.aws",
      "instances": []
    },
    {
      "module": "module.vpc",
      "mode": "data",
      "type": "aws_vpc_endpoint_service",
      "name": "appmesh_envoy_management",
      "each": "list",
      "provider": "provider.aws",
      "instances": []
    },
    {
      "module": "module.vpc",
      "mode": "data",
      "type": "aws_vpc_endpoint_service",
      "name": "appstream",
      "each": "list",
      "provider": "provider.aws",
      "instances": []
    },
    {
      "module": "module.vpc",
      "mode": "data",
      "type": "aws_vpc_endpoint_service",
      "name": "athena",
      "each": "list",
      "provider": "provider.aws",
      "instances": []
    },
    {
      "module": "module.vpc",
      "mode": "data",
      "type": "aws_vpc_endpoint_service",
      "name": "auto_scaling_plans",
      "each": "list",
      "provider": "provider.aws",
      "instances": []
    },
    {
      "module": "module.vpc",
      "mode": "data",
      "type": "aws_vpc_endpoint_service",
      "name": "cloud_directory",
      "each": "list",
      "provider": "provider.aws",
      "instances": []
    },
    {
      "module": "module.vpc",
      "mode": "data",
      "type": "aws_vpc_endpoint_service",
      "name": "cloudformation",
      "each": "list",
      "provider": "provider.aws",
      "instances": []
    },
    {
      "module": "module.vpc",
      "mode": "data",
      "type": "aws_vpc_endpoint_service",
      "name": "cloudtrail",
      "each": "list",
      "provider": "provider.aws",
      "instances": []
    },
    {
      "module": "module.vpc",
      "mode": "data",
      "type": "aws_vpc_endpoint_service",
      "name": "codebuild",
      "each": "list",
      "provider": "provider.aws",
      "instances": []
    },
    {
      "module": "module.vpc",
      "mode": "data",
      "type": "aws_vpc_endpoint_service",
      "name": "codecommit",
      "each": "list",
      "provider": "provider.aws",
      "instances": []
    },
    {
      "module": "module.vpc",
      "mode": "data",
      "type": "aws_vpc_endpoint_service",
      "name": "codepipeline",
      "each": "list",
      "provider": "provider.aws",
      "instances": []
    },
    {
      "module": "module.vpc",
      "mode": "data",
      "type": "aws_vpc_endpoint_service",
      "name": "config",
      "each": "list",
      "provider": "provider.aws",
      "instances": []
    },
    {
      "module": "module.vpc",
      "mode": "data",
      "type": "aws_vpc_endpoint_service",
      "name": "datasync",
      "each": "list",
      "provider": "provider.aws",
      "instances": []
    },
    {
      "module": "module.vpc",
      "mode": "data",
      "type": "aws_vpc_endpoint_service",
      "name": "dynamodb",
      "each": "list",
      "provider": "provider.aws",
      "instances": []
    },
    {
      "module": "module.vpc",
      "mode": "data",
      "type": "aws_vpc_endpoint_service",
      "name": "ebs",
      "each": "list",
      "provider": "provider.aws",
      "instances": []
    },
    {
      "module": "module.vpc",
      "mode": "data",
      "type": "aws_vpc_endpoint_service",
      "name": "ec2",
      "each": "list",
      "provider": "provider.aws",
      "instances": []
    },
    {
      "module": "module.vpc",
      "mode": "data",
      "type": "aws_vpc_endpoint_service",
      "name": "ec2_autoscaling",
      "each": "list",
      "provider": "provider.aws",
      "instances": []
    },
    {
      "module": "module.vpc",
      "mode": "data",
      "type": "aws_vpc_endpoint_service",
      "name": "ec2messages",
      "each": "list",
      "provider": "provider.aws",
      "instances": []
    },
    {
      "module": "module.vpc",
      "mode": "data",
      "type": "aws_vpc_endpoint_service",
      "name": "ecr_api",
      "each": "list",
      "provider": "provider.aws",
      "instances": []
    },
    {
      "module": "module.vpc",
      "mode": "data",
      "type": "aws_vpc_endpoint_service",
      "name": "ecr_dkr",
      "each": "list",
      "provider": "provider.aws",
      "instances": []
    },
    {
      "module": "module.vpc",
      "mode": "data",
      "type": "aws_vpc_endpoint_service",
      "name": "ecs",
      "each": "list",
      "provider": "provider.aws",
      "instances": []
    },
    {
      "module": "module.vpc",
      "mode": "data",
      "type": "aws_vpc_endpoint_service",
      "name": "ecs_agent",
      "each": "list",
      "provider": "provider.aws",
      "instances": []
    },
    {
      "module": "module.vpc",
      "mode": "data",
      "type": "aws_vpc_endpoint_service",
      "name": "ecs_telemetry",
      "each": "list",
      "provider": "provider.aws",
      "instances": []
    },
    {
      "module": "module.vpc",
      "mode": "data",
      "type": "aws_vpc_endpoint_service",
      "name": "efs",
      "each": "list",
      "provider": "provider.aws",
      "instances": []
    },
    {
      "module": "module.vpc",
      "mode": "data",
      "type": "aws_vpc_endpoint_service",
      "name": "elastic_inference_runtime",
      "each": "list",
      "provider": "provider.aws",
      "instances": []
    },
    {
      "module": "module.vpc",
      "mode": "data",
      "type": "aws_vpc_endpoint_service",
      "name": "elasticbeanstalk",
      "each": "list",
      "provider": "provider.aws",
      "instances": []
    },
    {
      "module": "module.vpc",
      "mode": "data",
      "type": "aws_vpc_endpoint_service",
      "name": "elasticbeanstalk_health",
      "each": "list",
      "provider": "provider.aws",
      "instances": []
    },
    {
      "module": "module.vpc",
      "mode": "data",
      "type": "aws_vpc_endpoint_service",
      "name": "elasticloadbalancing",
      "each": "list",
      "provider": "provider.aws",
      "instances": []
    },
    {
      "module": "module.vpc",
      "mode": "data",
      "type": "aws_vpc_endpoint_service",
      "name": "emr",
      "each": "list",
      "provider": "provider.aws",
      "instances": []
    },
    {
      "module": "module.vpc",
      "mode": "data",
      "type": "aws_vpc_endpoint_service",
      "name": "events",
      "each": "list",
      "provider": "provider.aws",
      "instances": []
    },
    {
      "module": "module.vpc",
      "mode": "data",
      "type": "aws_vpc_endpoint_service",
      "name": "git_codecommit",
      "each": "list",
      "provider": "provider.aws",
      "instances": []
    },
    {
      "module": "module.vpc",
      "mode": "data",
      "type": "aws_vpc_endpoint_service",
      "name": "glue",
      "each": "list",
      "provider": "provider.aws",
      "instances": []
    },
    {
      "module": "module.vpc",
      "mode": "data",
      "type": "aws_vpc_endpoint_service",
      "name": "kinesis_firehose",
      "each": "list",
      "provider": "provider.aws",
      "instances": []
    },
    {
      "module": "module.vpc",
      "mode": "data",
      "type": "aws_vpc_endpoint_service",
      "name": "kinesis_streams",
      "each": "list",
      "provider": "provider.aws",
      "instances": []
    },
    {
      "module": "module.vpc",
      "mode": "data",
      "type": "aws_vpc_endpoint_service",
      "name": "kms",
      "each": "list",
      "provider": "provider.aws",
      "instances": []
    },
    {
      "module": "module.vpc",
      "mode": "data",
      "type": "aws_vpc_endpoint_service",
      "name": "logs",
      "each": "list",
      "provider": "provider.aws",
      "instances": []
    },
    {
      "module": "module.vpc",
      "mode": "data",
      "type": "aws_vpc_endpoint_service",
      "name": "monitoring",
      "each": "list",
      "provider": "provider.aws",
      "instances": []
    },
    {
      "module": "module.vpc",
      "mode": "data",
      "type": "aws_vpc_endpoint_service",
      "name": "qldb_session",
      "each": "list",
      "provider": "provider.aws",
      "instances": []
    },
    {
      "module": "module.vpc",
      "mode": "data",
      "type": "aws_vpc_endpoint_service",
      "name": "rekognition",
      "each": "list",
      "provider": "provider.aws",
      "instances": []
    },
    {
      "module": "module.vpc",
      "mode": "data",
      "type": "aws_vpc_endpoint_service",
      "name": "s3",
      "each": "list",
      "provider": "provider.aws",
      "instances": []
    },
    {
      "module": "module.vpc",
      "mode": "data",
      "type": "aws_vpc_endpoint_service",
      "name": "sagemaker_api",
      "each": "list",
      "provider": "provider.aws",
      "instances": []
    },
    {
      "module": "module.vpc",
      "mode": "data",
      "type": "aws_vpc_endpoint_service",
      "name": "sagemaker_notebook",
      "each": "list",
      "provider": "provider.aws",
      "instances": []
    },
    {
      "module": "module.vpc",
      "mode": "data",
      "type": "aws_vpc_endpoint_service",
      "name": "sagemaker_runtime",
      "each": "list",
      "provider": "provider.aws",
      "instances": []
    },
    {
      "module": "module.vpc",
      "mode": "data",
      "type": "aws_vpc_endpoint_service",
      "name": "secretsmanager",
      "each": "list",
      "provider": "provider.aws",
      "instances": []
    },
    {
      "module": "module.vpc",
      "mode": "data",
      "type": "aws_vpc_endpoint_service",
      "name": "servicecatalog",
      "each": "list",
      "provider": "provider.aws",
      "instances": []
    },
    {
      "module": "module.vpc",
      "mode": "data",
      "type": "aws_vpc_endpoint_service",
      "name": "ses",
      "each": "list",
      "provider": "provider.aws",
      "instances": []
    },
    {
      "module": "module.vpc",
      "mode": "data",
      "type": "aws_vpc_endpoint_service",
      "name": "sms",
      "each": "list",
      "provider": "provider.aws",
      "instances": []
    },
    {
      "module": "module.vpc",
      "mode": "data",
      "type": "aws_vpc_endpoint_service",
      "name": "sns",
      "each": "list",
      "provider": "provider.aws",
      "instances": []
    },
    {
      "module": "module.vpc",
      "mode": "data",
      "type": "aws_vpc_endpoint_service",
      "name": "sqs",
      "each": "list",
      "provider": "provider.aws",
      "instances": []
    },
    {
      "module": "module.vpc",
      "mode": "data",
      "type": "aws_vpc_endpoint_service",
      "name": "ssm",
      "each": "list",
      "provider": "provider.aws",
      "instances": []
    },
    {
      "module": "module.vpc",
      "mode": "data",
      "type": "aws_vpc_endpoint_service",
      "name": "ssmmessages",
      "each": "list",
      "provider": "provider.aws",
      "instances": []
    },
    {
      "module": "module.vpc",
      "mode": "data",
      "type": "aws_vpc_endpoint_service",
      "name": "states",
      "each": "list",
      "provider": "provider.aws",
      "instances": []
    },
    {
      "module": "module.vpc",
      "mode": "data",
      "type": "aws_vpc_endpoint_service",
      "name": "storagegateway",
      "each": "list",
      "provider": "provider.aws",
      "instances": []
    },
    {
      "module": "module.vpc",
      "mode": "data",
      "type": "aws_vpc_endpoint_service",
      "name": "sts",
      "each": "list",
      "provider": "provider.aws",
      "instances": []
    },
    {
      "module": "module.vpc",
      "mode": "data",
      "type": "aws_vpc_endpoint_service",
      "name": "transfer",
      "each": "list",
      "provider": "provider.aws",
      "instances": []
    },
    {
      "module": "module.vpc",
      "mode": "data",
      "type": "aws_vpc_endpoint_service",
      "name": "transferserver",
      "each": "list",
      "provider": "provider.aws",
      "instances": []
    },
    {
      "module": "module.vpc",
      "mode": "data",
      "type": "aws_vpc_endpoint_service",
      "name": "workspaces",
      "each": "list",
      "provider": "provider.aws",
      "instances": []
    },
    {
      "mode": "data",
      "type": "template_file",
      "name": "cloud_config",
      "provider": "provider.template",
      "instances": [
        {
          "schema_version": 0,
          "attributes": {
            "filename": null,
            "id": "85176340bfbadd8787f7b9fc02554af5df19dad3cd4cb1d58d06e03948337e6f",
            "rendered": "#cloud-config\r\nruncmd:\r\n- apt-get update\r\n- apt-get install -y apt-transport-https jq software-properties-common\r\n- curl -fsSL https://download.docker.com/linux/ubuntu/gpg | sudo apt-key add -\r\n- add-apt-repository \"deb [arch=amd64] https://download.docker.com/linux/ubuntu $(lsb_release -cs) stable\"\r\n- apt-get update\r\n- apt-get -y install docker-ce=5:19.03.8~3-0~ubuntu-bionic\r\n- usermod -G docker -a ubuntu\r\n- echo '{\"log-driver\":\"json-file\",\"log-opts\":{\"max-size\":\"10m\",\"max-file\":\"6\"}}' | jq . \u003e /etc/docker/daemon.json\r\n- systemctl restart docker \u0026\u0026 systemctl enable docker\r\n- docker pull rancher/rancher\r\n- mkdir /opt/rancher/\r\n- mkdir /var/log/rancher/auditlog/\r\n- docker run -d --restart=unless-stopped -p 80:80 -p 443:443 -v /var/log/rancher/auditlog:/var/log/auditlog -v /opt/rancher:/var/lib/rancher rancher/rancher:latest\r\n",
            "template": "#cloud-config\r\nruncmd:\r\n- apt-get update\r\n- apt-get install -y apt-transport-https jq software-properties-common\r\n- curl -fsSL https://download.docker.com/linux/ubuntu/gpg | sudo apt-key add -\r\n- add-apt-repository \"deb [arch=amd64] https://download.docker.com/linux/ubuntu $(lsb_release -cs) stable\"\r\n- apt-get update\r\n- apt-get -y install docker-ce=5:19.03.8~3-0~ubuntu-bionic\r\n- usermod -G docker -a ubuntu\r\n- echo '{\"log-driver\":\"json-file\",\"log-opts\":{\"max-size\":\"10m\",\"max-file\":\"6\"}}' | jq . \u003e /etc/docker/daemon.json\r\n- systemctl restart docker \u0026\u0026 systemctl enable docker\r\n- docker pull rancher/rancher\r\n- mkdir /opt/rancher/\r\n- mkdir /var/log/rancher/auditlog/\r\n- docker run -d --restart=unless-stopped -p 80:80 -p 443:443 -v /var/log/rancher/auditlog:/var/log/auditlog -v /opt/rancher:/var/lib/rancher rancher/rancher:latest\r\n",
            "vars": null
          }
        }
      ]
    },
    {
      "module": "module.vpc",
      "mode": "managed",
      "type": "aws_cloudwatch_log_group",
      "name": "flow_log",
      "each": "list",
      "provider": "provider.aws",
      "instances": []
    },
    {
      "module": "module.vpc",
      "mode": "managed",
      "type": "aws_customer_gateway",
      "name": "this",
      "each": "map",
      "provider": "provider.aws",
      "instances": []
    },
    {
      "module": "module.vpc",
      "mode": "managed",
      "type": "aws_db_subnet_group",
      "name": "database",
      "each": "list",
      "provider": "provider.aws",
      "instances": []
    },
    {
      "module": "module.vpc",
      "mode": "managed",
      "type": "aws_default_network_acl",
      "name": "this",
      "each": "list",
      "provider": "provider.aws",
      "instances": []
    },
    {
      "module": "module.vpc",
      "mode": "managed",
      "type": "aws_default_security_group",
      "name": "this",
      "each": "list",
      "provider": "provider.aws",
      "instances": []
    },
    {
      "module": "module.vpc",
      "mode": "managed",
      "type": "aws_default_vpc",
      "name": "this",
      "each": "list",
      "provider": "provider.aws",
      "instances": []
    },
    {
      "module": "module.vpc",
      "mode": "managed",
      "type": "aws_egress_only_internet_gateway",
      "name": "this",
      "each": "list",
      "provider": "provider.aws",
      "instances": []
    },
    {
      "module": "module.vpc",
      "mode": "managed",
      "type": "aws_eip",
      "name": "nat",
      "each": "list",
      "provider": "provider.aws",
      "instances": []
    },
    {
      "module": "module.vpc",
      "mode": "managed",
      "type": "aws_elasticache_subnet_group",
      "name": "elasticache",
      "each": "list",
      "provider": "provider.aws",
      "instances": []
    },
    {
      "module": "module.vpc",
      "mode": "managed",
      "type": "aws_flow_log",
      "name": "this",
      "each": "list",
      "provider": "provider.aws",
      "instances": []
    },
    {
      "module": "module.vpc",
      "mode": "managed",
      "type": "aws_iam_policy",
      "name": "vpc_flow_log_cloudwatch",
      "each": "list",
      "provider": "provider.aws",
      "instances": []
    },
    {
      "module": "module.vpc",
      "mode": "managed",
      "type": "aws_iam_role",
      "name": "vpc_flow_log_cloudwatch",
      "each": "list",
      "provider": "provider.aws",
      "instances": []
    },
    {
      "module": "module.vpc",
      "mode": "managed",
      "type": "aws_iam_role_policy_attachment",
      "name": "vpc_flow_log_cloudwatch",
      "each": "list",
      "provider": "provider.aws",
      "instances": []
    },
    {
      "mode": "managed",
      "type": "aws_instance",
      "name": "rancher_server",
      "provider": "provider.aws",
      "instances": [
        {
          "schema_version": 1,
          "attributes": {
            "ami": "ami-089cc16f7f08c4457",
            "arn": "arn:aws:ec2:eu-west-1:269252826423:instance/i-0d4647b9e290994d2",
            "associate_public_ip_address": true,
            "availability_zone": "eu-west-1c",
            "cpu_core_count": 1,
            "cpu_threads_per_core": 2,
            "credit_specification": [
              {
                "cpu_credits": "unlimited"
              }
            ],
            "disable_api_termination": false,
            "ebs_block_device": [],
            "ebs_optimized": false,
            "ephemeral_block_device": [],
            "get_password_data": false,
            "hibernation": false,
            "host_id": null,
            "iam_instance_profile": "",
            "id": "i-0d4647b9e290994d2",
            "instance_initiated_shutdown_behavior": null,
            "instance_state": "running",
            "instance_type": "t3a.medium",
            "ipv6_address_count": 0,
            "ipv6_addresses": [],
            "key_name": "terraform-20200622171046257600000001",
            "metadata_options": [
              {
                "http_endpoint": "enabled",
                "http_put_response_hop_limit": 1,
                "http_tokens": "optional"
              }
            ],
            "monitoring": false,
            "network_interface": [],
            "network_interface_id": null,
            "outpost_arn": "",
            "password_data": "",
            "placement_group": "",
            "primary_network_interface_id": "eni-0b3e62579e3475cf6",
            "private_dns": "ip-10-0-103-226.eu-west-1.compute.internal",
            "private_ip": "10.0.103.226",
            "public_dns": "",
            "public_ip": "54.154.111.86",
            "root_block_device": [
              {
                "delete_on_termination": true,
                "device_name": "/dev/sda1",
                "encrypted": false,
                "iops": 100,
                "kms_key_id": "",
                "volume_id": "vol-00164bc1783f960ed",
                "volume_size": 8,
                "volume_type": "gp2"
              }
            ],
            "security_groups": [
              "sg-0477646c1b2fa6658"
            ],
            "source_dest_check": true,
            "subnet_id": "subnet-0384bb47d294cf09e",
            "tags": {
              "Name": "rancher-server"
            },
            "tenancy": "default",
            "timeouts": null,
            "user_data": "f865e5f66ecbc2a9332c0ff12a0bc4570a4e8bbd",
            "user_data_base64": null,
            "volume_tags": {},
            "vpc_security_group_ids": [
              "sg-0477646c1b2fa6658"
            ]
          },
          "private": "eyJlMmJmYjczMC1lY2FhLTExZTYtOGY4OC0zNDM2M2JjN2M0YzAiOnsiY3JlYXRlIjo2MDAwMDAwMDAwMDAsImRlbGV0ZSI6MTIwMDAwMDAwMDAwMCwidXBkYXRlIjo2MDAwMDAwMDAwMDB9LCJzY2hlbWFfdmVyc2lvbiI6IjEifQ==",
          "dependencies": [
            "aws_key_pair.ssh",
            "aws_security_group.rancher_sg_allowall",
            "module.vpc.aws_vpc.this",
            "tls_private_key.ssh"
          ]
        }
      ]
    },
    {
      "module": "module.vpc",
      "mode": "managed",
      "type": "aws_internet_gateway",
      "name": "this",
      "each": "list",
      "provider": "provider.aws",
      "instances": [
        {
          "index_key": 0,
          "schema_version": 0,
          "attributes": {
            "arn": "arn:aws:ec2:eu-west-1:269252826423:internet-gateway/igw-07c5cdcd98a7ec861",
            "id": "igw-07c5cdcd98a7ec861",
            "owner_id": "269252826423",
            "tags": {
              "Environment": "dev",
              "Name": "simple-example",
              "Owner": "user"
            },
            "vpc_id": "vpc-0d873b34d814dcc1d"
          },
          "private": "bnVsbA==",
          "dependencies": [
            "module.vpc.aws_vpc.this",
            "module.vpc.aws_vpc_ipv4_cidr_block_association.this"
          ]
        }
      ]
    },
    {
      "mode": "managed",
      "type": "aws_key_pair",
      "name": "ssh",
      "provider": "provider.aws",
      "instances": [
        {
          "schema_version": 1,
          "attributes": {
            "arn": "arn:aws:ec2:eu-west-1:269252826423:key-pair/terraform-20200622171046257600000001",
            "fingerprint": "b5:9a:00:14:d4:c5:0d:21:69:c4:9c:e1:21:57:c3:10",
            "id": "terraform-20200622171046257600000001",
            "key_name": "terraform-20200622171046257600000001",
            "key_name_prefix": null,
            "key_pair_id": "key-0e29dcf35c8f44547",
            "public_key": "ssh-rsa AAAAB3NzaC1yc2EAAAADAQABAAACAQCvlFtmcibw9ShWWdWatXdDUMoJij/BPxbg0DCYiRhQDVetTYEOqzKpfr4kLD0w99rzhTkUkAw1f3ZV0anPR36y+sZtWahEGwELxyGLzhvEO1586S5zrMymbiMIQ+ykeExTF8tbGv1GI7+/Xd5/8nIHq8Q9RByUs+WWch0XYHXIFIpGLpzCsL5d3brn99oiL7TPm6UZok9yB9Sd6bu2mu2jb7eelkHoiT9v4Dh8YU5Ztm+oUSCZfQvRiwxFPS8U7c+vBGLaOLISnOp1+O7i8qowqsWPiDHw42HYPsvHS2BsCeVh8iYJeIUXfJscBtgbczLLIBtoTT5LW7BHZPQfOZ420hmdzsF2NBwmwX3vaJpAcUO0/ND2389DPq+/JWJxVWJxgQFkoS0XmPJBGAv5illP62bvS1Qn8kNPApV2IGyYoz+Zwqw8BLZ0HaiYzr/4C4VgpzZ3VW0mszu2a9lKvfnrFsvDS9QuySAAJCxJ+vo7lY5DYwiqLRqhA3INGMBv2UOjBqNClg0z2pkXR5V2lq+O/8HEWBA+Ed8I7n2+Xthit8D9Yu78SpM1ENK0sZPokxstIQlX9F5eLQApwYf5aiUDy+g+RoOwUadqO+6LzaeLknAFXMa+CWJG22hw1OkhSvdyQJpzXrON2Db8jL0xQDxEWbdcK473GtyxtTKfvRU5Kw==",
            "tags": null
          },
          "private": "eyJzY2hlbWFfdmVyc2lvbiI6IjEifQ==",
          "dependencies": [
            "tls_private_key.ssh"
          ]
        }
      ]
    },
    {
      "module": "module.vpc",
      "mode": "managed",
      "type": "aws_nat_gateway",
      "name": "this",
      "each": "list",
      "provider": "provider.aws",
      "instances": []
    },
    {
      "module": "module.vpc",
      "mode": "managed",
      "type": "aws_network_acl",
      "name": "database",
      "each": "list",
      "provider": "provider.aws",
      "instances": []
    },
    {
      "module": "module.vpc",
      "mode": "managed",
      "type": "aws_network_acl",
      "name": "elasticache",
      "each": "list",
      "provider": "provider.aws",
      "instances": []
    },
    {
      "module": "module.vpc",
      "mode": "managed",
      "type": "aws_network_acl",
      "name": "intra",
      "each": "list",
      "provider": "provider.aws",
      "instances": []
    },
    {
      "module": "module.vpc",
      "mode": "managed",
      "type": "aws_network_acl",
      "name": "private",
      "each": "list",
      "provider": "provider.aws",
      "instances": []
    },
    {
      "module": "module.vpc",
      "mode": "managed",
      "type": "aws_network_acl",
      "name": "public",
      "each": "list",
      "provider": "provider.aws",
      "instances": []
    },
    {
      "module": "module.vpc",
      "mode": "managed",
      "type": "aws_network_acl",
      "name": "redshift",
      "each": "list",
      "provider": "provider.aws",
      "instances": []
    },
    {
      "module": "module.vpc",
      "mode": "managed",
      "type": "aws_network_acl_rule",
      "name": "database_inbound",
      "each": "list",
      "provider": "provider.aws",
      "instances": []
    },
    {
      "module": "module.vpc",
      "mode": "managed",
      "type": "aws_network_acl_rule",
      "name": "database_outbound",
      "each": "list",
      "provider": "provider.aws",
      "instances": []
    },
    {
      "module": "module.vpc",
      "mode": "managed",
      "type": "aws_network_acl_rule",
      "name": "elasticache_inbound",
      "each": "list",
      "provider": "provider.aws",
      "instances": []
    },
    {
      "module": "module.vpc",
      "mode": "managed",
      "type": "aws_network_acl_rule",
      "name": "elasticache_outbound",
      "each": "list",
      "provider": "provider.aws",
      "instances": []
    },
    {
      "module": "module.vpc",
      "mode": "managed",
      "type": "aws_network_acl_rule",
      "name": "intra_inbound",
      "each": "list",
      "provider": "provider.aws",
      "instances": []
    },
    {
      "module": "module.vpc",
      "mode": "managed",
      "type": "aws_network_acl_rule",
      "name": "intra_outbound",
      "each": "list",
      "provider": "provider.aws",
      "instances": []
    },
    {
      "module": "module.vpc",
      "mode": "managed",
      "type": "aws_network_acl_rule",
      "name": "private_inbound",
      "each": "list",
      "provider": "provider.aws",
      "instances": []
    },
    {
      "module": "module.vpc",
      "mode": "managed",
      "type": "aws_network_acl_rule",
      "name": "private_outbound",
      "each": "list",
      "provider": "provider.aws",
      "instances": []
    },
    {
      "module": "module.vpc",
      "mode": "managed",
      "type": "aws_network_acl_rule",
      "name": "public_inbound",
      "each": "list",
      "provider": "provider.aws",
      "instances": []
    },
    {
      "module": "module.vpc",
      "mode": "managed",
      "type": "aws_network_acl_rule",
      "name": "public_outbound",
      "each": "list",
      "provider": "provider.aws",
      "instances": []
    },
    {
      "module": "module.vpc",
      "mode": "managed",
      "type": "aws_network_acl_rule",
      "name": "redshift_inbound",
      "each": "list",
      "provider": "provider.aws",
      "instances": []
    },
    {
      "module": "module.vpc",
      "mode": "managed",
      "type": "aws_network_acl_rule",
      "name": "redshift_outbound",
      "each": "list",
      "provider": "provider.aws",
      "instances": []
    },
    {
      "module": "module.vpc",
      "mode": "managed",
      "type": "aws_redshift_subnet_group",
      "name": "redshift",
      "each": "list",
      "provider": "provider.aws",
      "instances": []
    },
    {
      "module": "module.vpc",
      "mode": "managed",
      "type": "aws_route",
      "name": "database_internet_gateway",
      "each": "list",
      "provider": "provider.aws",
      "instances": []
    },
    {
      "module": "module.vpc",
      "mode": "managed",
      "type": "aws_route",
      "name": "database_ipv6_egress",
      "each": "list",
      "provider": "provider.aws",
      "instances": []
    },
    {
      "module": "module.vpc",
      "mode": "managed",
      "type": "aws_route",
      "name": "database_nat_gateway",
      "each": "list",
      "provider": "provider.aws",
      "instances": []
    },
    {
      "module": "module.vpc",
      "mode": "managed",
      "type": "aws_route",
      "name": "private_ipv6_egress",
      "each": "list",
      "provider": "provider.aws",
      "instances": []
    },
    {
      "module": "module.vpc",
      "mode": "managed",
      "type": "aws_route",
      "name": "private_nat_gateway",
      "each": "list",
      "provider": "provider.aws",
      "instances": []
    },
    {
      "module": "module.vpc",
      "mode": "managed",
      "type": "aws_route",
      "name": "public_internet_gateway",
      "each": "list",
      "provider": "provider.aws",
      "instances": [
        {
          "index_key": 0,
          "schema_version": 0,
          "attributes": {
            "destination_cidr_block": "0.0.0.0/0",
            "destination_ipv6_cidr_block": null,
            "destination_prefix_list_id": "",
            "egress_only_gateway_id": "",
            "gateway_id": "igw-07c5cdcd98a7ec861",
            "id": "r-rtb-07a340a77ef89ac151080289494",
            "instance_id": "",
            "instance_owner_id": "",
            "nat_gateway_id": "",
            "network_interface_id": "",
            "origin": "CreateRoute",
            "route_table_id": "rtb-07a340a77ef89ac15",
            "state": "active",
            "timeouts": {
              "create": "5m",
              "delete": null
            },
            "transit_gateway_id": "",
            "vpc_peering_connection_id": ""
          },
          "private": "eyJlMmJmYjczMC1lY2FhLTExZTYtOGY4OC0zNDM2M2JjN2M0YzAiOnsiY3JlYXRlIjozMDAwMDAwMDAwMDAsImRlbGV0ZSI6MzAwMDAwMDAwMDAwfX0=",
          "dependencies": [
            "module.vpc.aws_internet_gateway.this",
            "module.vpc.aws_route_table.public",
            "module.vpc.aws_vpc.this",
            "module.vpc.aws_vpc_ipv4_cidr_block_association.this"
          ]
        }
      ]
    },
    {
      "module": "module.vpc",
      "mode": "managed",
      "type": "aws_route",
      "name": "public_internet_gateway_ipv6",
      "each": "list",
      "provider": "provider.aws",
      "instances": []
    },
    {
      "module": "module.vpc",
      "mode": "managed",
      "type": "aws_route_table",
      "name": "database",
      "each": "list",
      "provider": "provider.aws",
      "instances": []
    },
    {
      "module": "module.vpc",
      "mode": "managed",
      "type": "aws_route_table",
      "name": "elasticache",
      "each": "list",
      "provider": "provider.aws",
      "instances": []
    },
    {
      "module": "module.vpc",
      "mode": "managed",
      "type": "aws_route_table",
      "name": "intra",
      "each": "list",
      "provider": "provider.aws",
      "instances": []
    },
    {
      "module": "module.vpc",
      "mode": "managed",
      "type": "aws_route_table",
      "name": "private",
      "each": "list",
      "provider": "provider.aws",
      "instances": [
        {
          "index_key": 0,
          "schema_version": 0,
          "attributes": {
            "id": "rtb-0c4218d554478398e",
            "owner_id": "269252826423",
            "propagating_vgws": [],
            "route": [],
            "tags": {
              "Environment": "dev",
              "Name": "simple-example-private-eu-west-1a",
              "Owner": "user"
            },
            "vpc_id": "vpc-0d873b34d814dcc1d"
          },
          "private": "bnVsbA==",
          "dependencies": [
            "module.vpc.aws_vpc.this",
            "module.vpc.aws_vpc_ipv4_cidr_block_association.this"
          ]
        },
        {
          "index_key": 1,
          "schema_version": 0,
          "attributes": {
            "id": "rtb-050fc610d62bc5f31",
            "owner_id": "269252826423",
            "propagating_vgws": [],
            "route": [],
            "tags": {
              "Environment": "dev",
              "Name": "simple-example-private-eu-west-1b",
              "Owner": "user"
            },
            "vpc_id": "vpc-0d873b34d814dcc1d"
          },
          "private": "bnVsbA==",
          "dependencies": [
            "module.vpc.aws_vpc.this",
            "module.vpc.aws_vpc_ipv4_cidr_block_association.this"
          ]
        },
        {
          "index_key": 2,
          "schema_version": 0,
          "attributes": {
            "id": "rtb-04e1fd8f564cbe3c8",
            "owner_id": "269252826423",
            "propagating_vgws": [],
            "route": [],
            "tags": {
              "Environment": "dev",
              "Name": "simple-example-private-eu-west-1c",
              "Owner": "user"
            },
            "vpc_id": "vpc-0d873b34d814dcc1d"
          },
          "private": "bnVsbA==",
          "dependencies": [
            "module.vpc.aws_vpc.this",
            "module.vpc.aws_vpc_ipv4_cidr_block_association.this"
          ]
        }
      ]
    },
    {
      "module": "module.vpc",
      "mode": "managed",
      "type": "aws_route_table",
      "name": "public",
      "each": "list",
      "provider": "provider.aws",
      "instances": [
        {
          "index_key": 0,
          "schema_version": 0,
          "attributes": {
            "id": "rtb-07a340a77ef89ac15",
            "owner_id": "269252826423",
            "propagating_vgws": [],
            "route": [],
            "tags": {
              "Environment": "dev",
              "Name": "simple-example-public",
              "Owner": "user"
            },
            "vpc_id": "vpc-0d873b34d814dcc1d"
          },
          "private": "bnVsbA==",
          "dependencies": [
            "module.vpc.aws_vpc.this",
            "module.vpc.aws_vpc_ipv4_cidr_block_association.this"
          ]
        }
      ]
    },
    {
      "module": "module.vpc",
      "mode": "managed",
      "type": "aws_route_table",
      "name": "redshift",
      "each": "list",
      "provider": "provider.aws",
      "instances": []
    },
    {
      "module": "module.vpc",
      "mode": "managed",
      "type": "aws_route_table_association",
      "name": "database",
      "each": "list",
      "provider": "provider.aws",
      "instances": []
    },
    {
      "module": "module.vpc",
      "mode": "managed",
      "type": "aws_route_table_association",
      "name": "elasticache",
      "each": "list",
      "provider": "provider.aws",
      "instances": []
    },
    {
      "module": "module.vpc",
      "mode": "managed",
      "type": "aws_route_table_association",
      "name": "intra",
      "each": "list",
      "provider": "provider.aws",
      "instances": []
    },
    {
      "module": "module.vpc",
      "mode": "managed",
      "type": "aws_route_table_association",
      "name": "private",
      "each": "list",
      "provider": "provider.aws",
      "instances": [
        {
          "index_key": 0,
          "schema_version": 0,
          "attributes": {
            "gateway_id": null,
            "id": "rtbassoc-0f3daed5dd3f70412",
            "route_table_id": "rtb-0c4218d554478398e",
            "subnet_id": "subnet-0be7af27f3af1086c"
          },
          "private": "bnVsbA==",
          "dependencies": [
            "module.vpc.aws_route_table.private",
            "module.vpc.aws_subnet.private",
            "module.vpc.aws_vpc.this",
            "module.vpc.aws_vpc_ipv4_cidr_block_association.this"
          ]
        },
        {
          "index_key": 1,
          "schema_version": 0,
          "attributes": {
            "gateway_id": null,
            "id": "rtbassoc-0e8fc43dacb0e2f0f",
            "route_table_id": "rtb-050fc610d62bc5f31",
            "subnet_id": "subnet-0a664109f4d79627e"
          },
          "private": "bnVsbA==",
          "dependencies": [
            "module.vpc.aws_route_table.private",
            "module.vpc.aws_subnet.private",
            "module.vpc.aws_vpc.this",
            "module.vpc.aws_vpc_ipv4_cidr_block_association.this"
          ]
        },
        {
          "index_key": 2,
          "schema_version": 0,
          "attributes": {
            "gateway_id": null,
            "id": "rtbassoc-05f50cde885951d00",
            "route_table_id": "rtb-04e1fd8f564cbe3c8",
            "subnet_id": "subnet-08f2239a2c495f8fb"
          },
          "private": "bnVsbA==",
          "dependencies": [
            "module.vpc.aws_route_table.private",
            "module.vpc.aws_subnet.private",
            "module.vpc.aws_vpc.this",
            "module.vpc.aws_vpc_ipv4_cidr_block_association.this"
          ]
        }
      ]
    },
    {
      "module": "module.vpc",
      "mode": "managed",
      "type": "aws_route_table_association",
      "name": "public",
      "each": "list",
      "provider": "provider.aws",
      "instances": [
        {
          "index_key": 0,
          "schema_version": 0,
          "attributes": {
            "gateway_id": null,
            "id": "rtbassoc-01eea2c097c17a17f",
            "route_table_id": "rtb-07a340a77ef89ac15",
            "subnet_id": "subnet-04862f07a55068540"
          },
          "private": "bnVsbA==",
          "dependencies": [
            "module.vpc.aws_route_table.public",
            "module.vpc.aws_subnet.public",
            "module.vpc.aws_vpc.this",
            "module.vpc.aws_vpc_ipv4_cidr_block_association.this"
          ]
        },
        {
          "index_key": 1,
          "schema_version": 0,
          "attributes": {
            "gateway_id": null,
            "id": "rtbassoc-0dc27897feb1fd8fe",
            "route_table_id": "rtb-07a340a77ef89ac15",
            "subnet_id": "subnet-0eb51ffdb6a602b5f"
          },
          "private": "bnVsbA==",
          "dependencies": [
            "module.vpc.aws_route_table.public",
            "module.vpc.aws_subnet.public",
            "module.vpc.aws_vpc.this",
            "module.vpc.aws_vpc_ipv4_cidr_block_association.this"
          ]
        },
        {
          "index_key": 2,
          "schema_version": 0,
          "attributes": {
            "gateway_id": null,
            "id": "rtbassoc-0ef6625ccb0077d00",
            "route_table_id": "rtb-07a340a77ef89ac15",
            "subnet_id": "subnet-0384bb47d294cf09e"
          },
          "private": "bnVsbA==",
          "dependencies": [
            "module.vpc.aws_route_table.public",
            "module.vpc.aws_subnet.public",
            "module.vpc.aws_vpc.this",
            "module.vpc.aws_vpc_ipv4_cidr_block_association.this"
          ]
        }
      ]
    },
    {
      "module": "module.vpc",
      "mode": "managed",
      "type": "aws_route_table_association",
      "name": "redshift",
      "each": "list",
      "provider": "provider.aws",
      "instances": []
    },
    {
      "module": "module.vpc",
      "mode": "managed",
      "type": "aws_route_table_association",
      "name": "redshift_public",
      "each": "list",
      "provider": "provider.aws",
      "instances": []
    },
    {
      "mode": "managed",
      "type": "aws_security_group",
      "name": "rancher_sg_allowall",
      "provider": "provider.aws",
      "instances": [
        {
          "schema_version": 1,
          "attributes": {
            "arn": "arn:aws:ec2:eu-west-1:269252826423:security-group/sg-0477646c1b2fa6658",
            "description": "Rancher - allow all traffic",
            "egress": [
              {
                "cidr_blocks": [
                  "0.0.0.0/0"
                ],
                "description": "",
                "from_port": 0,
                "ipv6_cidr_blocks": [],
                "prefix_list_ids": [],
                "protocol": "-1",
                "security_groups": [],
                "self": false,
                "to_port": 0
              }
            ],
            "id": "sg-0477646c1b2fa6658",
            "ingress": [
              {
                "cidr_blocks": [
                  "0.0.0.0/0"
                ],
                "description": "",
                "from_port": 0,
                "ipv6_cidr_blocks": [],
                "prefix_list_ids": [],
                "protocol": "-1",
                "security_groups": [],
                "self": false,
                "to_port": 0
              }
            ],
            "name": "rancher-allowall",
            "name_prefix": null,
            "owner_id": "269252826423",
            "revoke_rules_on_delete": false,
            "tags": {
              "Creator": "rancher"
            },
            "timeouts": null,
            "vpc_id": "vpc-0d873b34d814dcc1d"
          },
          "private": "eyJlMmJmYjczMC1lY2FhLTExZTYtOGY4OC0zNDM2M2JjN2M0YzAiOnsiY3JlYXRlIjo2MDAwMDAwMDAwMDAsImRlbGV0ZSI6NjAwMDAwMDAwMDAwfSwic2NoZW1hX3ZlcnNpb24iOiIxIn0=",
          "dependencies": [
            "module.vpc.aws_vpc.this"
          ]
        }
      ]
    },
    {
      "module": "module.vpc",
      "mode": "managed",
      "type": "aws_subnet",
      "name": "database",
      "each": "list",
      "provider": "provider.aws",
      "instances": []
    },
    {
      "module": "module.vpc",
      "mode": "managed",
      "type": "aws_subnet",
      "name": "elasticache",
      "each": "list",
      "provider": "provider.aws",
      "instances": []
    },
    {
      "module": "module.vpc",
      "mode": "managed",
      "type": "aws_subnet",
      "name": "intra",
      "each": "list",
      "provider": "provider.aws",
      "instances": []
    },
    {
      "module": "module.vpc",
      "mode": "managed",
      "type": "aws_subnet",
      "name": "private",
      "each": "list",
      "provider": "provider.aws",
      "instances": [
        {
          "index_key": 0,
          "schema_version": 1,
          "attributes": {
            "arn": "arn:aws:ec2:eu-west-1:269252826423:subnet/subnet-0be7af27f3af1086c",
            "assign_ipv6_address_on_creation": false,
            "availability_zone": "eu-west-1a",
            "availability_zone_id": "euw1-az1",
            "cidr_block": "10.0.1.0/24",
            "id": "subnet-0be7af27f3af1086c",
            "ipv6_cidr_block": "",
            "ipv6_cidr_block_association_id": "",
            "map_public_ip_on_launch": false,
            "outpost_arn": "",
            "owner_id": "269252826423",
            "tags": {
              "Environment": "dev",
              "Name": "simple-example-private-eu-west-1a",
              "Owner": "user"
            },
            "timeouts": null,
            "vpc_id": "vpc-0d873b34d814dcc1d"
          },
          "private": "eyJlMmJmYjczMC1lY2FhLTExZTYtOGY4OC0zNDM2M2JjN2M0YzAiOnsiY3JlYXRlIjo2MDAwMDAwMDAwMDAsImRlbGV0ZSI6MTIwMDAwMDAwMDAwMH0sInNjaGVtYV92ZXJzaW9uIjoiMSJ9",
          "dependencies": [
            "module.vpc.aws_vpc.this",
            "module.vpc.aws_vpc_ipv4_cidr_block_association.this"
          ]
        },
        {
          "index_key": 1,
          "schema_version": 1,
          "attributes": {
            "arn": "arn:aws:ec2:eu-west-1:269252826423:subnet/subnet-0a664109f4d79627e",
            "assign_ipv6_address_on_creation": false,
            "availability_zone": "eu-west-1b",
            "availability_zone_id": "euw1-az2",
            "cidr_block": "10.0.2.0/24",
            "id": "subnet-0a664109f4d79627e",
            "ipv6_cidr_block": "",
            "ipv6_cidr_block_association_id": "",
            "map_public_ip_on_launch": false,
            "outpost_arn": "",
            "owner_id": "269252826423",
            "tags": {
              "Environment": "dev",
              "Name": "simple-example-private-eu-west-1b",
              "Owner": "user"
            },
            "timeouts": null,
            "vpc_id": "vpc-0d873b34d814dcc1d"
          },
          "private": "eyJlMmJmYjczMC1lY2FhLTExZTYtOGY4OC0zNDM2M2JjN2M0YzAiOnsiY3JlYXRlIjo2MDAwMDAwMDAwMDAsImRlbGV0ZSI6MTIwMDAwMDAwMDAwMH0sInNjaGVtYV92ZXJzaW9uIjoiMSJ9",
          "dependencies": [
            "module.vpc.aws_vpc.this",
            "module.vpc.aws_vpc_ipv4_cidr_block_association.this"
          ]
        },
        {
          "index_key": 2,
          "schema_version": 1,
          "attributes": {
            "arn": "arn:aws:ec2:eu-west-1:269252826423:subnet/subnet-08f2239a2c495f8fb",
            "assign_ipv6_address_on_creation": false,
            "availability_zone": "eu-west-1c",
            "availability_zone_id": "euw1-az3",
            "cidr_block": "10.0.3.0/24",
            "id": "subnet-08f2239a2c495f8fb",
            "ipv6_cidr_block": "",
            "ipv6_cidr_block_association_id": "",
            "map_public_ip_on_launch": false,
            "outpost_arn": "",
            "owner_id": "269252826423",
            "tags": {
              "Environment": "dev",
              "Name": "simple-example-private-eu-west-1c",
              "Owner": "user"
            },
            "timeouts": null,
            "vpc_id": "vpc-0d873b34d814dcc1d"
          },
          "private": "eyJlMmJmYjczMC1lY2FhLTExZTYtOGY4OC0zNDM2M2JjN2M0YzAiOnsiY3JlYXRlIjo2MDAwMDAwMDAwMDAsImRlbGV0ZSI6MTIwMDAwMDAwMDAwMH0sInNjaGVtYV92ZXJzaW9uIjoiMSJ9",
          "dependencies": [
            "module.vpc.aws_vpc.this",
            "module.vpc.aws_vpc_ipv4_cidr_block_association.this"
          ]
        }
      ]
    },
    {
      "module": "module.vpc",
      "mode": "managed",
      "type": "aws_subnet",
      "name": "public",
      "each": "list",
      "provider": "provider.aws",
      "instances": [
        {
          "index_key": 0,
          "schema_version": 1,
          "attributes": {
            "arn": "arn:aws:ec2:eu-west-1:269252826423:subnet/subnet-04862f07a55068540",
            "assign_ipv6_address_on_creation": false,
            "availability_zone": "eu-west-1a",
            "availability_zone_id": "euw1-az1",
            "cidr_block": "10.0.101.0/24",
            "id": "subnet-04862f07a55068540",
            "ipv6_cidr_block": "",
            "ipv6_cidr_block_association_id": "",
            "map_public_ip_on_launch": true,
            "outpost_arn": "",
            "owner_id": "269252826423",
            "tags": {
              "Environment": "dev",
              "Name": "simple-example-public-eu-west-1a",
              "Owner": "user"
            },
            "timeouts": null,
            "vpc_id": "vpc-0d873b34d814dcc1d"
          },
          "private": "eyJlMmJmYjczMC1lY2FhLTExZTYtOGY4OC0zNDM2M2JjN2M0YzAiOnsiY3JlYXRlIjo2MDAwMDAwMDAwMDAsImRlbGV0ZSI6MTIwMDAwMDAwMDAwMH0sInNjaGVtYV92ZXJzaW9uIjoiMSJ9",
          "dependencies": [
            "module.vpc.aws_vpc.this",
            "module.vpc.aws_vpc_ipv4_cidr_block_association.this"
          ]
        },
        {
          "index_key": 1,
          "schema_version": 1,
          "attributes": {
            "arn": "arn:aws:ec2:eu-west-1:269252826423:subnet/subnet-0eb51ffdb6a602b5f",
            "assign_ipv6_address_on_creation": false,
            "availability_zone": "eu-west-1b",
            "availability_zone_id": "euw1-az2",
            "cidr_block": "10.0.102.0/24",
            "id": "subnet-0eb51ffdb6a602b5f",
            "ipv6_cidr_block": "",
            "ipv6_cidr_block_association_id": "",
            "map_public_ip_on_launch": true,
            "outpost_arn": "",
            "owner_id": "269252826423",
            "tags": {
              "Environment": "dev",
              "Name": "simple-example-public-eu-west-1b",
              "Owner": "user"
            },
            "timeouts": null,
            "vpc_id": "vpc-0d873b34d814dcc1d"
          },
          "private": "eyJlMmJmYjczMC1lY2FhLTExZTYtOGY4OC0zNDM2M2JjN2M0YzAiOnsiY3JlYXRlIjo2MDAwMDAwMDAwMDAsImRlbGV0ZSI6MTIwMDAwMDAwMDAwMH0sInNjaGVtYV92ZXJzaW9uIjoiMSJ9",
          "dependencies": [
            "module.vpc.aws_vpc.this",
            "module.vpc.aws_vpc_ipv4_cidr_block_association.this"
          ]
        },
        {
          "index_key": 2,
          "schema_version": 1,
          "attributes": {
            "arn": "arn:aws:ec2:eu-west-1:269252826423:subnet/subnet-0384bb47d294cf09e",
            "assign_ipv6_address_on_creation": false,
            "availability_zone": "eu-west-1c",
            "availability_zone_id": "euw1-az3",
            "cidr_block": "10.0.103.0/24",
            "id": "subnet-0384bb47d294cf09e",
            "ipv6_cidr_block": "",
            "ipv6_cidr_block_association_id": "",
            "map_public_ip_on_launch": true,
            "outpost_arn": "",
            "owner_id": "269252826423",
            "tags": {
              "Environment": "dev",
              "Name": "simple-example-public-eu-west-1c",
              "Owner": "user"
            },
            "timeouts": null,
            "vpc_id": "vpc-0d873b34d814dcc1d"
          },
          "private": "eyJlMmJmYjczMC1lY2FhLTExZTYtOGY4OC0zNDM2M2JjN2M0YzAiOnsiY3JlYXRlIjo2MDAwMDAwMDAwMDAsImRlbGV0ZSI6MTIwMDAwMDAwMDAwMH0sInNjaGVtYV92ZXJzaW9uIjoiMSJ9",
          "dependencies": [
            "module.vpc.aws_vpc.this",
            "module.vpc.aws_vpc_ipv4_cidr_block_association.this"
          ]
        }
      ]
    },
    {
      "module": "module.vpc",
      "mode": "managed",
      "type": "aws_subnet",
      "name": "redshift",
      "each": "list",
      "provider": "provider.aws",
      "instances": []
    },
    {
      "module": "module.vpc",
      "mode": "managed",
      "type": "aws_vpc",
      "name": "this",
      "each": "list",
      "provider": "provider.aws",
      "instances": [
        {
          "index_key": 0,
          "schema_version": 1,
          "attributes": {
            "arn": "arn:aws:ec2:eu-west-1:269252826423:vpc/vpc-0d873b34d814dcc1d",
            "assign_generated_ipv6_cidr_block": false,
            "cidr_block": "10.0.0.0/16",
            "default_network_acl_id": "acl-0277f7a3903c33107",
            "default_route_table_id": "rtb-05de37265a2885a3e",
            "default_security_group_id": "sg-0f30bb6279efed7f4",
            "dhcp_options_id": "dopt-eaa7088c",
            "enable_classiclink": false,
            "enable_classiclink_dns_support": false,
            "enable_dns_hostnames": false,
            "enable_dns_support": true,
            "id": "vpc-0d873b34d814dcc1d",
            "instance_tenancy": "default",
            "ipv6_association_id": "",
            "ipv6_cidr_block": "",
            "main_route_table_id": "rtb-05de37265a2885a3e",
            "owner_id": "269252826423",
            "tags": {
              "Environment": "dev",
              "Name": "rancher-vpc",
              "Owner": "user"
            }
          },
          "private": "eyJzY2hlbWFfdmVyc2lvbiI6IjEifQ=="
        }
      ]
    },
    {
      "module": "module.vpc",
      "mode": "managed",
      "type": "aws_vpc_dhcp_options",
      "name": "this",
      "each": "list",
      "provider": "provider.aws",
      "instances": []
    },
    {
      "module": "module.vpc",
      "mode": "managed",
      "type": "aws_vpc_dhcp_options_association",
      "name": "this",
      "each": "list",
      "provider": "provider.aws",
      "instances": []
    },
    {
      "module": "module.vpc",
      "mode": "managed",
      "type": "aws_vpc_endpoint",
      "name": "access_analyzer",
      "each": "list",
      "provider": "provider.aws",
      "instances": []
    },
    {
      "module": "module.vpc",
      "mode": "managed",
      "type": "aws_vpc_endpoint",
      "name": "acm_pca",
      "each": "list",
      "provider": "provider.aws",
      "instances": []
    },
    {
      "module": "module.vpc",
      "mode": "managed",
      "type": "aws_vpc_endpoint",
      "name": "apigw",
      "each": "list",
      "provider": "provider.aws",
      "instances": []
    },
    {
      "module": "module.vpc",
      "mode": "managed",
      "type": "aws_vpc_endpoint",
      "name": "appmesh_envoy_management",
      "each": "list",
      "provider": "provider.aws",
      "instances": []
    },
    {
      "module": "module.vpc",
      "mode": "managed",
      "type": "aws_vpc_endpoint",
      "name": "appstream",
      "each": "list",
      "provider": "provider.aws",
      "instances": []
    },
    {
      "module": "module.vpc",
      "mode": "managed",
      "type": "aws_vpc_endpoint",
      "name": "athena",
      "each": "list",
      "provider": "provider.aws",
      "instances": []
    },
    {
      "module": "module.vpc",
      "mode": "managed",
      "type": "aws_vpc_endpoint",
      "name": "auto_scaling_plans",
      "each": "list",
      "provider": "provider.aws",
      "instances": []
    },
    {
      "module": "module.vpc",
      "mode": "managed",
      "type": "aws_vpc_endpoint",
      "name": "cloud_directory",
      "each": "list",
      "provider": "provider.aws",
      "instances": []
    },
    {
      "module": "module.vpc",
      "mode": "managed",
      "type": "aws_vpc_endpoint",
      "name": "cloudformation",
      "each": "list",
      "provider": "provider.aws",
      "instances": []
    },
    {
      "module": "module.vpc",
      "mode": "managed",
      "type": "aws_vpc_endpoint",
      "name": "cloudtrail",
      "each": "list",
      "provider": "provider.aws",
      "instances": []
    },
    {
      "module": "module.vpc",
      "mode": "managed",
      "type": "aws_vpc_endpoint",
      "name": "codebuild",
      "each": "list",
      "provider": "provider.aws",
      "instances": []
    },
    {
      "module": "module.vpc",
      "mode": "managed",
      "type": "aws_vpc_endpoint",
      "name": "codecommit",
      "each": "list",
      "provider": "provider.aws",
      "instances": []
    },
    {
      "module": "module.vpc",
      "mode": "managed",
      "type": "aws_vpc_endpoint",
      "name": "codepipeline",
      "each": "list",
      "provider": "provider.aws",
      "instances": []
    },
    {
      "module": "module.vpc",
      "mode": "managed",
      "type": "aws_vpc_endpoint",
      "name": "config",
      "each": "list",
      "provider": "provider.aws",
      "instances": []
    },
    {
      "module": "module.vpc",
      "mode": "managed",
      "type": "aws_vpc_endpoint",
      "name": "datasync",
      "each": "list",
      "provider": "provider.aws",
      "instances": []
    },
    {
      "module": "module.vpc",
      "mode": "managed",
      "type": "aws_vpc_endpoint",
      "name": "dynamodb",
      "each": "list",
      "provider": "provider.aws",
      "instances": []
    },
    {
      "module": "module.vpc",
      "mode": "managed",
      "type": "aws_vpc_endpoint",
      "name": "ebs",
      "each": "list",
      "provider": "provider.aws",
      "instances": []
    },
    {
      "module": "module.vpc",
      "mode": "managed",
      "type": "aws_vpc_endpoint",
      "name": "ec2",
      "each": "list",
      "provider": "provider.aws",
      "instances": []
    },
    {
      "module": "module.vpc",
      "mode": "managed",
      "type": "aws_vpc_endpoint",
      "name": "ec2_autoscaling",
      "each": "list",
      "provider": "provider.aws",
      "instances": []
    },
    {
      "module": "module.vpc",
      "mode": "managed",
      "type": "aws_vpc_endpoint",
      "name": "ec2messages",
      "each": "list",
      "provider": "provider.aws",
      "instances": []
    },
    {
      "module": "module.vpc",
      "mode": "managed",
      "type": "aws_vpc_endpoint",
      "name": "ecr_api",
      "each": "list",
      "provider": "provider.aws",
      "instances": []
    },
    {
      "module": "module.vpc",
      "mode": "managed",
      "type": "aws_vpc_endpoint",
      "name": "ecr_dkr",
      "each": "list",
      "provider": "provider.aws",
      "instances": []
    },
    {
      "module": "module.vpc",
      "mode": "managed",
      "type": "aws_vpc_endpoint",
      "name": "ecs",
      "each": "list",
      "provider": "provider.aws",
      "instances": []
    },
    {
      "module": "module.vpc",
      "mode": "managed",
      "type": "aws_vpc_endpoint",
      "name": "ecs_agent",
      "each": "list",
      "provider": "provider.aws",
      "instances": []
    },
    {
      "module": "module.vpc",
      "mode": "managed",
      "type": "aws_vpc_endpoint",
      "name": "ecs_telemetry",
      "each": "list",
      "provider": "provider.aws",
      "instances": []
    },
    {
      "module": "module.vpc",
      "mode": "managed",
      "type": "aws_vpc_endpoint",
      "name": "efs",
      "each": "list",
      "provider": "provider.aws",
      "instances": []
    },
    {
      "module": "module.vpc",
      "mode": "managed",
      "type": "aws_vpc_endpoint",
      "name": "elastic_inference_runtime",
      "each": "list",
      "provider": "provider.aws",
      "instances": []
    },
    {
      "module": "module.vpc",
      "mode": "managed",
      "type": "aws_vpc_endpoint",
      "name": "elasticbeanstalk",
      "each": "list",
      "provider": "provider.aws",
      "instances": []
    },
    {
      "module": "module.vpc",
      "mode": "managed",
      "type": "aws_vpc_endpoint",
      "name": "elasticbeanstalk_health",
      "each": "list",
      "provider": "provider.aws",
      "instances": []
    },
    {
      "module": "module.vpc",
      "mode": "managed",
      "type": "aws_vpc_endpoint",
      "name": "elasticloadbalancing",
      "each": "list",
      "provider": "provider.aws",
      "instances": []
    },
    {
      "module": "module.vpc",
      "mode": "managed",
      "type": "aws_vpc_endpoint",
      "name": "emr",
      "each": "list",
      "provider": "provider.aws",
      "instances": []
    },
    {
      "module": "module.vpc",
      "mode": "managed",
      "type": "aws_vpc_endpoint",
      "name": "events",
      "each": "list",
      "provider": "provider.aws",
      "instances": []
    },
    {
      "module": "module.vpc",
      "mode": "managed",
      "type": "aws_vpc_endpoint",
      "name": "git_codecommit",
      "each": "list",
      "provider": "provider.aws",
      "instances": []
    },
    {
      "module": "module.vpc",
      "mode": "managed",
      "type": "aws_vpc_endpoint",
      "name": "glue",
      "each": "list",
      "provider": "provider.aws",
      "instances": []
    },
    {
      "module": "module.vpc",
      "mode": "managed",
      "type": "aws_vpc_endpoint",
      "name": "kinesis_firehose",
      "each": "list",
      "provider": "provider.aws",
      "instances": []
    },
    {
      "module": "module.vpc",
      "mode": "managed",
      "type": "aws_vpc_endpoint",
      "name": "kinesis_streams",
      "each": "list",
      "provider": "provider.aws",
      "instances": []
    },
    {
      "module": "module.vpc",
      "mode": "managed",
      "type": "aws_vpc_endpoint",
      "name": "kms",
      "each": "list",
      "provider": "provider.aws",
      "instances": []
    },
    {
      "module": "module.vpc",
      "mode": "managed",
      "type": "aws_vpc_endpoint",
      "name": "logs",
      "each": "list",
      "provider": "provider.aws",
      "instances": []
    },
    {
      "module": "module.vpc",
      "mode": "managed",
      "type": "aws_vpc_endpoint",
      "name": "monitoring",
      "each": "list",
      "provider": "provider.aws",
      "instances": []
    },
    {
      "module": "module.vpc",
      "mode": "managed",
      "type": "aws_vpc_endpoint",
      "name": "qldb_session",
      "each": "list",
      "provider": "provider.aws",
      "instances": []
    },
    {
      "module": "module.vpc",
      "mode": "managed",
      "type": "aws_vpc_endpoint",
      "name": "rekognition",
      "each": "list",
      "provider": "provider.aws",
      "instances": []
    },
    {
      "module": "module.vpc",
      "mode": "managed",
      "type": "aws_vpc_endpoint",
      "name": "s3",
      "each": "list",
      "provider": "provider.aws",
      "instances": []
    },
    {
      "module": "module.vpc",
      "mode": "managed",
      "type": "aws_vpc_endpoint",
      "name": "sagemaker_api",
      "each": "list",
      "provider": "provider.aws",
      "instances": []
    },
    {
      "module": "module.vpc",
      "mode": "managed",
      "type": "aws_vpc_endpoint",
      "name": "sagemaker_notebook",
      "each": "list",
      "provider": "provider.aws",
      "instances": []
    },
    {
      "module": "module.vpc",
      "mode": "managed",
      "type": "aws_vpc_endpoint",
      "name": "sagemaker_runtime",
      "each": "list",
      "provider": "provider.aws",
      "instances": []
    },
    {
      "module": "module.vpc",
      "mode": "managed",
      "type": "aws_vpc_endpoint",
      "name": "secretsmanager",
      "each": "list",
      "provider": "provider.aws",
      "instances": []
    },
    {
      "module": "module.vpc",
      "mode": "managed",
      "type": "aws_vpc_endpoint",
      "name": "servicecatalog",
      "each": "list",
      "provider": "provider.aws",
      "instances": []
    },
    {
      "module": "module.vpc",
      "mode": "managed",
      "type": "aws_vpc_endpoint",
      "name": "ses",
      "each": "list",
      "provider": "provider.aws",
      "instances": []
    },
    {
      "module": "module.vpc",
      "mode": "managed",
      "type": "aws_vpc_endpoint",
      "name": "sms",
      "each": "list",
      "provider": "provider.aws",
      "instances": []
    },
    {
      "module": "module.vpc",
      "mode": "managed",
      "type": "aws_vpc_endpoint",
      "name": "sns",
      "each": "list",
      "provider": "provider.aws",
      "instances": []
    },
    {
      "module": "module.vpc",
      "mode": "managed",
      "type": "aws_vpc_endpoint",
      "name": "sqs",
      "each": "list",
      "provider": "provider.aws",
      "instances": []
    },
    {
      "module": "module.vpc",
      "mode": "managed",
      "type": "aws_vpc_endpoint",
      "name": "ssm",
      "each": "list",
      "provider": "provider.aws",
      "instances": []
    },
    {
      "module": "module.vpc",
      "mode": "managed",
      "type": "aws_vpc_endpoint",
      "name": "ssmmessages",
      "each": "list",
      "provider": "provider.aws",
      "instances": []
    },
    {
      "module": "module.vpc",
      "mode": "managed",
      "type": "aws_vpc_endpoint",
      "name": "states",
      "each": "list",
      "provider": "provider.aws",
      "instances": []
    },
    {
      "module": "module.vpc",
      "mode": "managed",
      "type": "aws_vpc_endpoint",
      "name": "storagegateway",
      "each": "list",
      "provider": "provider.aws",
      "instances": []
    },
    {
      "module": "module.vpc",
      "mode": "managed",
      "type": "aws_vpc_endpoint",
      "name": "sts",
      "each": "list",
      "provider": "provider.aws",
      "instances": []
    },
    {
      "module": "module.vpc",
      "mode": "managed",
      "type": "aws_vpc_endpoint",
      "name": "transfer",
      "each": "list",
      "provider": "provider.aws",
      "instances": []
    },
    {
      "module": "module.vpc",
      "mode": "managed",
      "type": "aws_vpc_endpoint",
      "name": "transferserver",
      "each": "list",
      "provider": "provider.aws",
      "instances": []
    },
    {
      "module": "module.vpc",
      "mode": "managed",
      "type": "aws_vpc_endpoint",
      "name": "workspaces",
      "each": "list",
      "provider": "provider.aws",
      "instances": []
    },
    {
      "module": "module.vpc",
      "mode": "managed",
      "type": "aws_vpc_endpoint_route_table_association",
      "name": "intra_dynamodb",
      "each": "list",
      "provider": "provider.aws",
      "instances": []
    },
    {
      "module": "module.vpc",
      "mode": "managed",
      "type": "aws_vpc_endpoint_route_table_association",
      "name": "intra_s3",
      "each": "list",
      "provider": "provider.aws",
      "instances": []
    },
    {
      "module": "module.vpc",
      "mode": "managed",
      "type": "aws_vpc_endpoint_route_table_association",
      "name": "private_dynamodb",
      "each": "list",
      "provider": "provider.aws",
      "instances": []
    },
    {
      "module": "module.vpc",
      "mode": "managed",
      "type": "aws_vpc_endpoint_route_table_association",
      "name": "private_s3",
      "each": "list",
      "provider": "provider.aws",
      "instances": []
    },
    {
      "module": "module.vpc",
      "mode": "managed",
      "type": "aws_vpc_endpoint_route_table_association",
      "name": "public_dynamodb",
      "each": "list",
      "provider": "provider.aws",
      "instances": []
    },
    {
      "module": "module.vpc",
      "mode": "managed",
      "type": "aws_vpc_endpoint_route_table_association",
      "name": "public_s3",
      "each": "list",
      "provider": "provider.aws",
      "instances": []
    },
    {
      "module": "module.vpc",
      "mode": "managed",
      "type": "aws_vpc_ipv4_cidr_block_association",
      "name": "this",
      "each": "list",
      "provider": "provider.aws",
      "instances": []
    },
    {
      "module": "module.vpc",
      "mode": "managed",
      "type": "aws_vpn_gateway",
      "name": "this",
      "each": "list",
      "provider": "provider.aws",
      "instances": []
    },
    {
      "module": "module.vpc",
      "mode": "managed",
      "type": "aws_vpn_gateway_attachment",
      "name": "this",
      "each": "list",
      "provider": "provider.aws",
      "instances": []
    },
    {
      "module": "module.vpc",
      "mode": "managed",
      "type": "aws_vpn_gateway_route_propagation",
      "name": "intra",
      "each": "list",
      "provider": "provider.aws",
      "instances": []
    },
    {
      "module": "module.vpc",
      "mode": "managed",
      "type": "aws_vpn_gateway_route_propagation",
      "name": "private",
      "each": "list",
      "provider": "provider.aws",
      "instances": []
    },
    {
      "module": "module.vpc",
      "mode": "managed",
      "type": "aws_vpn_gateway_route_propagation",
      "name": "public",
      "each": "list",
      "provider": "provider.aws",
      "instances": []
    },
    {
      "mode": "managed",
      "type": "local_file",
      "name": "private_key",
      "provider": "provider.local",
      "instances": [
        {
          "schema_version": 0,
          "attributes": {
            "content": null,
            "content_base64": null,
            "directory_permission": "0777",
            "file_permission": "0777",
            "filename": "./outputs/id_rsa",
            "id": "b2bb4ecde3df78ead2de36430b919e9221ad6e45",
            "sensitive_content": "-----BEGIN RSA PRIVATE KEY-----\nMIIJKAIBAAKCAgEAr5RbZnIm8PUoVlnVmrV3Q1DKCYo/wT8W4NAwmIkYUA1XrU2B\nDqsyqX6+JCw9MPfa84U5FJAMNX92VdGpz0d+svrGbVmoRBsBC8chi84bxDtefOku\nc6zMpm4jCEPspHhMUxfLWxr9RiO/v13ef/JyB6vEPUQclLPllnIdF2B1yBSKRi6c\nwrC+Xd265/faIi+0z5ulGaJPcgfUnem7tprto2+3npZB6Ik/b+A4fGFOWbZvqFEg\nmX0L0YsMRT0vFO3PrwRi2jiyEpzqdfju4vKqMKrFj4gx8ONh2D7Lx0tgbAnlYfIm\nCXiFF3ybHAbYG3MyyyAbaE0+S1uwR2T0HzmeNtIZnc7BdjQcJsF972iaQHFDtPzQ\n9t/PQz6vvyVicVVicYEBZKEtF5jyQRgL+YpZT+tm70tUJ/JDTwKVdiBsmKM/mcKs\nPAS2dB2omM6/+AuFYKc2d1VtJrM7tmvZSr356xbLw0vULskgACQsSfr6O5WOQ2MI\nqi0aoQNyDRjAb9lDowajQpYNM9qZF0eVdpavjv/BxFgQPhHfCO59vl7YYrfA/WLu\n/EqTNRDStLGT6JMbLSEJV/ReXi0AKcGH+WolA8voPkaDsFGnajvui82ni5JwBVzG\nvgliRttocNTpIUr3ckCac16zjdg2/Iy9MUA8RFm3XCuO9xrcsbUyn70VOSsCAwEA\nAQKCAgAucSiH/ZPNUpt708FLbcqBFMKMKXRZsk1j482m20SCEDVr0r9bWO9KpAq5\nWLZK2JSiq0+A3+VK1U9AvfeTq06ZGvoXfIqkkRwCuIZoC3mOu0Fv+uHdmQx8zU8Y\n5ZaXnnZZ2EZi782kmtoiTTsITuHYo5eBuR1yO+9zjvWg9FPTO5Ojorq2SLfh7j99\nEjMxrbq+22WdVTB8chPMPUH4uBw5idhg60+9qWgNOJrYU4i89COuut7Lmqbgo034\nlol4mLrBiYB4RlzbzYO69sCBaTyZKOKe56CGHi8IWvvd2FNF4Iw7Dyj+glF59+yz\nSiApipwZ3IFDYoMivbrv94UXKU9ushBwGfuA0lU8U8qvM23C8wIumEIPxZGN8BWz\nIv2g1iM/ZgAp2sVTazsnPA77062qWAEO70pGmdqwMIlHZOFh0q/bzd+zzX9qVpCS\nCpzUdCFUfJZXU4Egj/O6ozaYbcKhX7C1p/J8rAOK+lMhYo2JV2fKmC3nmXS6eoNa\n7sMTd2idCBIfcNub/G1RZIlWdp2Ewxvp2oy1yh/oCjlIY+nUukE6A9ZNO8f0aD6Y\nGh3VBAtESNVM23JyohTpd8JvioXXbBbUvoojZlwwaPAx8uO5loyBfPIofseA3lAt\nYYIxCuE7KNgUOFpoyeM2+7h0bjo86yApyCraRGA1vll13Y26WQKCAQEA6XH98IMs\ngs8SCbxz8LxNsu8SABoCplPaWiqjNIgEyHh4ZTwmYd8h7X1ezYHYLw5/6vBkl4HT\n7Ydh8FVlAHYymBjLN3tkCzD2CQNjhDBOFHJy+qoSJj9kV+zzTVBM4Haw1rIUn7FL\ndK4Cz9W69msdCTJsGhRh274RF/dY/9LH+xJB1YGEmQlHVA5RRY7+Gm+wAH5/sVwR\nI5XxheK/FDLdzzrTBM+vaBOuiMZ26M2iAksg26mwPYib2QDY/8RO1vphsW4U9MGh\n1wxTNEDfs2JirL1I8NtRlrDxDjvkE6Wtiv1LW6CluFLQ+fB5DfkS0eq751SRrTso\nd6pyVYLciF42BwKCAQEAwIsewwCmYLZZ1KvGEtOAdXMUOGG2uNmAtCVdvGqLrzfl\nGCxxWEn7+247R2QLugzNWTYvQUeDK5G0SSZqjm3UjNFSzuTLUNNWB9fO+icA45kw\nMIBYkyo2xSi2KzPUu086ZLGX+ra0Y+78BF5rX3xSS6i1GRHSRfxKsxVf/jLPXVt5\n5zOtbxTGu/Pofi6nY3vw4u2ZxBkjVYvp0YanI76wVtNWjVDFfgPi+Zj1bSBfQmBt\nj1J8oB4a/HmonY4ZWUz0VOUY+w7V1kaTwc2Owfptdc0UzNxanANYlJzVgXzU68oJ\nrr6v08tb+ObZhMUmf7SBNIl/sIsXaO4i+1YW1fh6vQKCAQEAmUrUYMoSQXduNdx9\nGbjdIMGiRVTPJp9rg8f50bX7xhRtorSD08LtCYFI7pPz/Lp9vy3KMD79hj1fT60T\nnOEAyiWF1FH/WOX2ueZyw8vgica5v+ZL8rev0Zj0D3HKeZ8W8nSP3GlUzjKx//4u\nPkAKGg71M47sz5oYqW8wDxU/YpwThPr+smuIXibksVN7gqqSnVBz02hMjNyac7t4\nk+/u/XR4OvGSEjrSYlhInwjg+LaSxgvAgjehdzb6R8GFr99MpXFO64X3GzqprGdp\nPec+OoY1TowGIHjiYeFsHIav1dQMVwe/qrEfLvD83PMQq62DZB2BZ4qwQRw45fP/\nksCiowKCAQAUOMhDTLcsoxouJthHs+Ti8PIntcN+CIHm6aG9nycKgQFTl59T2XlY\nf8xEBDLjGGMcwn8WCQ+yrLvVju5UBR70pyteRVNBKuD3M+guB5ilTrpr7Z7f3egg\nrtTrFqd6AKkuWCSRFU0+zaO0RcJbJfByt8ZFWsTNyuCBjHYneWij8m6MJLZLW1A/\n/y7kybuUzDiRbMjgeo9mdapZ8h1tuKJGjC2j697CDGBzPGhSTLsUepInIk+qdV76\nM0DNQ1ZQNa/XlrQX8gftWD4+dXtPziBe5eoQVfhCOGu+N/aIgfbOyMpZivdmdA41\nxvEDa71OXkPPo71AamtL/u63nOQLFuy1AoIBAFD2uyJlkfUSeFRsqbGupylUOSsP\n4ur3nwShEJ65T5YFygPi1V9HiAjRVyrNzQmXPCS8nTHoXFvb5FHMvl8mjbwbWGNc\n2XovBV8PM3gg0hXD6SWhMtXs0cdGa3KiixLytsYBHI/4k+T0nEc4BzSjj2uzEi9D\nDqBunpWrRBvT95erm8dOH64Pgk41D/w0BmSKtUGHYxsK5jQKrjLJHPOWn59kBgON\n+D5u2fvpUQTQLRujdbV6xpfw00iG/VYOICEgvfO2l8JUYl8imL4i+1qGSvtWo5XL\nmK1esXu/zmI8ME3lY1eiyYASfdHWyG7raYKAkgIq3sHKUMCFEmJ0em9XHEg=\n-----END RSA PRIVATE KEY-----\n"
          },
          "private": "bnVsbA==",
          "dependencies": [
            "tls_private_key.ssh"
          ]
        }
      ]
    },
    {
      "mode": "managed",
      "type": "local_file",
      "name": "public_key",
      "provider": "provider.local",
      "instances": [
        {
          "schema_version": 0,
          "attributes": {
            "content": "ssh-rsa AAAAB3NzaC1yc2EAAAADAQABAAACAQCvlFtmcibw9ShWWdWatXdDUMoJij/BPxbg0DCYiRhQDVetTYEOqzKpfr4kLD0w99rzhTkUkAw1f3ZV0anPR36y+sZtWahEGwELxyGLzhvEO1586S5zrMymbiMIQ+ykeExTF8tbGv1GI7+/Xd5/8nIHq8Q9RByUs+WWch0XYHXIFIpGLpzCsL5d3brn99oiL7TPm6UZok9yB9Sd6bu2mu2jb7eelkHoiT9v4Dh8YU5Ztm+oUSCZfQvRiwxFPS8U7c+vBGLaOLISnOp1+O7i8qowqsWPiDHw42HYPsvHS2BsCeVh8iYJeIUXfJscBtgbczLLIBtoTT5LW7BHZPQfOZ420hmdzsF2NBwmwX3vaJpAcUO0/ND2389DPq+/JWJxVWJxgQFkoS0XmPJBGAv5illP62bvS1Qn8kNPApV2IGyYoz+Zwqw8BLZ0HaiYzr/4C4VgpzZ3VW0mszu2a9lKvfnrFsvDS9QuySAAJCxJ+vo7lY5DYwiqLRqhA3INGMBv2UOjBqNClg0z2pkXR5V2lq+O/8HEWBA+Ed8I7n2+Xthit8D9Yu78SpM1ENK0sZPokxstIQlX9F5eLQApwYf5aiUDy+g+RoOwUadqO+6LzaeLknAFXMa+CWJG22hw1OkhSvdyQJpzXrON2Db8jL0xQDxEWbdcK473GtyxtTKfvRU5Kw==\n",
            "content_base64": null,
            "directory_permission": "0777",
            "file_permission": "0777",
            "filename": "./outputs/id_rsa.pub",
            "id": "1731ecddb56eaed395c5d3efd7650e0c7d208198",
            "sensitive_content": null
          },
          "private": "bnVsbA==",
          "dependencies": [
            "tls_private_key.ssh"
          ]
        }
      ]
    },
    {
      "mode": "managed",
      "type": "tls_private_key",
      "name": "ssh",
      "provider": "provider.tls",
      "instances": [
        {
          "schema_version": 0,
          "attributes": {
            "algorithm": "RSA",
            "ecdsa_curve": "P224",
            "id": "fda0ee387bcc9fe138207bafe05b12c773605fe8",
            "private_key_pem": "-----BEGIN RSA PRIVATE KEY-----\nMIIJKAIBAAKCAgEAr5RbZnIm8PUoVlnVmrV3Q1DKCYo/wT8W4NAwmIkYUA1XrU2B\nDqsyqX6+JCw9MPfa84U5FJAMNX92VdGpz0d+svrGbVmoRBsBC8chi84bxDtefOku\nc6zMpm4jCEPspHhMUxfLWxr9RiO/v13ef/JyB6vEPUQclLPllnIdF2B1yBSKRi6c\nwrC+Xd265/faIi+0z5ulGaJPcgfUnem7tprto2+3npZB6Ik/b+A4fGFOWbZvqFEg\nmX0L0YsMRT0vFO3PrwRi2jiyEpzqdfju4vKqMKrFj4gx8ONh2D7Lx0tgbAnlYfIm\nCXiFF3ybHAbYG3MyyyAbaE0+S1uwR2T0HzmeNtIZnc7BdjQcJsF972iaQHFDtPzQ\n9t/PQz6vvyVicVVicYEBZKEtF5jyQRgL+YpZT+tm70tUJ/JDTwKVdiBsmKM/mcKs\nPAS2dB2omM6/+AuFYKc2d1VtJrM7tmvZSr356xbLw0vULskgACQsSfr6O5WOQ2MI\nqi0aoQNyDRjAb9lDowajQpYNM9qZF0eVdpavjv/BxFgQPhHfCO59vl7YYrfA/WLu\n/EqTNRDStLGT6JMbLSEJV/ReXi0AKcGH+WolA8voPkaDsFGnajvui82ni5JwBVzG\nvgliRttocNTpIUr3ckCac16zjdg2/Iy9MUA8RFm3XCuO9xrcsbUyn70VOSsCAwEA\nAQKCAgAucSiH/ZPNUpt708FLbcqBFMKMKXRZsk1j482m20SCEDVr0r9bWO9KpAq5\nWLZK2JSiq0+A3+VK1U9AvfeTq06ZGvoXfIqkkRwCuIZoC3mOu0Fv+uHdmQx8zU8Y\n5ZaXnnZZ2EZi782kmtoiTTsITuHYo5eBuR1yO+9zjvWg9FPTO5Ojorq2SLfh7j99\nEjMxrbq+22WdVTB8chPMPUH4uBw5idhg60+9qWgNOJrYU4i89COuut7Lmqbgo034\nlol4mLrBiYB4RlzbzYO69sCBaTyZKOKe56CGHi8IWvvd2FNF4Iw7Dyj+glF59+yz\nSiApipwZ3IFDYoMivbrv94UXKU9ushBwGfuA0lU8U8qvM23C8wIumEIPxZGN8BWz\nIv2g1iM/ZgAp2sVTazsnPA77062qWAEO70pGmdqwMIlHZOFh0q/bzd+zzX9qVpCS\nCpzUdCFUfJZXU4Egj/O6ozaYbcKhX7C1p/J8rAOK+lMhYo2JV2fKmC3nmXS6eoNa\n7sMTd2idCBIfcNub/G1RZIlWdp2Ewxvp2oy1yh/oCjlIY+nUukE6A9ZNO8f0aD6Y\nGh3VBAtESNVM23JyohTpd8JvioXXbBbUvoojZlwwaPAx8uO5loyBfPIofseA3lAt\nYYIxCuE7KNgUOFpoyeM2+7h0bjo86yApyCraRGA1vll13Y26WQKCAQEA6XH98IMs\ngs8SCbxz8LxNsu8SABoCplPaWiqjNIgEyHh4ZTwmYd8h7X1ezYHYLw5/6vBkl4HT\n7Ydh8FVlAHYymBjLN3tkCzD2CQNjhDBOFHJy+qoSJj9kV+zzTVBM4Haw1rIUn7FL\ndK4Cz9W69msdCTJsGhRh274RF/dY/9LH+xJB1YGEmQlHVA5RRY7+Gm+wAH5/sVwR\nI5XxheK/FDLdzzrTBM+vaBOuiMZ26M2iAksg26mwPYib2QDY/8RO1vphsW4U9MGh\n1wxTNEDfs2JirL1I8NtRlrDxDjvkE6Wtiv1LW6CluFLQ+fB5DfkS0eq751SRrTso\nd6pyVYLciF42BwKCAQEAwIsewwCmYLZZ1KvGEtOAdXMUOGG2uNmAtCVdvGqLrzfl\nGCxxWEn7+247R2QLugzNWTYvQUeDK5G0SSZqjm3UjNFSzuTLUNNWB9fO+icA45kw\nMIBYkyo2xSi2KzPUu086ZLGX+ra0Y+78BF5rX3xSS6i1GRHSRfxKsxVf/jLPXVt5\n5zOtbxTGu/Pofi6nY3vw4u2ZxBkjVYvp0YanI76wVtNWjVDFfgPi+Zj1bSBfQmBt\nj1J8oB4a/HmonY4ZWUz0VOUY+w7V1kaTwc2Owfptdc0UzNxanANYlJzVgXzU68oJ\nrr6v08tb+ObZhMUmf7SBNIl/sIsXaO4i+1YW1fh6vQKCAQEAmUrUYMoSQXduNdx9\nGbjdIMGiRVTPJp9rg8f50bX7xhRtorSD08LtCYFI7pPz/Lp9vy3KMD79hj1fT60T\nnOEAyiWF1FH/WOX2ueZyw8vgica5v+ZL8rev0Zj0D3HKeZ8W8nSP3GlUzjKx//4u\nPkAKGg71M47sz5oYqW8wDxU/YpwThPr+smuIXibksVN7gqqSnVBz02hMjNyac7t4\nk+/u/XR4OvGSEjrSYlhInwjg+LaSxgvAgjehdzb6R8GFr99MpXFO64X3GzqprGdp\nPec+OoY1TowGIHjiYeFsHIav1dQMVwe/qrEfLvD83PMQq62DZB2BZ4qwQRw45fP/\nksCiowKCAQAUOMhDTLcsoxouJthHs+Ti8PIntcN+CIHm6aG9nycKgQFTl59T2XlY\nf8xEBDLjGGMcwn8WCQ+yrLvVju5UBR70pyteRVNBKuD3M+guB5ilTrpr7Z7f3egg\nrtTrFqd6AKkuWCSRFU0+zaO0RcJbJfByt8ZFWsTNyuCBjHYneWij8m6MJLZLW1A/\n/y7kybuUzDiRbMjgeo9mdapZ8h1tuKJGjC2j697CDGBzPGhSTLsUepInIk+qdV76\nM0DNQ1ZQNa/XlrQX8gftWD4+dXtPziBe5eoQVfhCOGu+N/aIgfbOyMpZivdmdA41\nxvEDa71OXkPPo71AamtL/u63nOQLFuy1AoIBAFD2uyJlkfUSeFRsqbGupylUOSsP\n4ur3nwShEJ65T5YFygPi1V9HiAjRVyrNzQmXPCS8nTHoXFvb5FHMvl8mjbwbWGNc\n2XovBV8PM3gg0hXD6SWhMtXs0cdGa3KiixLytsYBHI/4k+T0nEc4BzSjj2uzEi9D\nDqBunpWrRBvT95erm8dOH64Pgk41D/w0BmSKtUGHYxsK5jQKrjLJHPOWn59kBgON\n+D5u2fvpUQTQLRujdbV6xpfw00iG/VYOICEgvfO2l8JUYl8imL4i+1qGSvtWo5XL\nmK1esXu/zmI8ME3lY1eiyYASfdHWyG7raYKAkgIq3sHKUMCFEmJ0em9XHEg=\n-----END RSA PRIVATE KEY-----\n",
            "public_key_fingerprint_md5": "39:15:e8:8f:e8:42:f6:4e:5b:25:33:07:17:b9:e8:13",
            "public_key_openssh": "ssh-rsa AAAAB3NzaC1yc2EAAAADAQABAAACAQCvlFtmcibw9ShWWdWatXdDUMoJij/BPxbg0DCYiRhQDVetTYEOqzKpfr4kLD0w99rzhTkUkAw1f3ZV0anPR36y+sZtWahEGwELxyGLzhvEO1586S5zrMymbiMIQ+ykeExTF8tbGv1GI7+/Xd5/8nIHq8Q9RByUs+WWch0XYHXIFIpGLpzCsL5d3brn99oiL7TPm6UZok9yB9Sd6bu2mu2jb7eelkHoiT9v4Dh8YU5Ztm+oUSCZfQvRiwxFPS8U7c+vBGLaOLISnOp1+O7i8qowqsWPiDHw42HYPsvHS2BsCeVh8iYJeIUXfJscBtgbczLLIBtoTT5LW7BHZPQfOZ420hmdzsF2NBwmwX3vaJpAcUO0/ND2389DPq+/JWJxVWJxgQFkoS0XmPJBGAv5illP62bvS1Qn8kNPApV2IGyYoz+Zwqw8BLZ0HaiYzr/4C4VgpzZ3VW0mszu2a9lKvfnrFsvDS9QuySAAJCxJ+vo7lY5DYwiqLRqhA3INGMBv2UOjBqNClg0z2pkXR5V2lq+O/8HEWBA+Ed8I7n2+Xthit8D9Yu78SpM1ENK0sZPokxstIQlX9F5eLQApwYf5aiUDy+g+RoOwUadqO+6LzaeLknAFXMa+CWJG22hw1OkhSvdyQJpzXrON2Db8jL0xQDxEWbdcK473GtyxtTKfvRU5Kw==\n",
            "public_key_pem": "-----BEGIN PUBLIC KEY-----\nMIICIjANBgkqhkiG9w0BAQEFAAOCAg8AMIICCgKCAgEAr5RbZnIm8PUoVlnVmrV3\nQ1DKCYo/wT8W4NAwmIkYUA1XrU2BDqsyqX6+JCw9MPfa84U5FJAMNX92VdGpz0d+\nsvrGbVmoRBsBC8chi84bxDtefOkuc6zMpm4jCEPspHhMUxfLWxr9RiO/v13ef/Jy\nB6vEPUQclLPllnIdF2B1yBSKRi6cwrC+Xd265/faIi+0z5ulGaJPcgfUnem7tprt\no2+3npZB6Ik/b+A4fGFOWbZvqFEgmX0L0YsMRT0vFO3PrwRi2jiyEpzqdfju4vKq\nMKrFj4gx8ONh2D7Lx0tgbAnlYfImCXiFF3ybHAbYG3MyyyAbaE0+S1uwR2T0Hzme\nNtIZnc7BdjQcJsF972iaQHFDtPzQ9t/PQz6vvyVicVVicYEBZKEtF5jyQRgL+YpZ\nT+tm70tUJ/JDTwKVdiBsmKM/mcKsPAS2dB2omM6/+AuFYKc2d1VtJrM7tmvZSr35\n6xbLw0vULskgACQsSfr6O5WOQ2MIqi0aoQNyDRjAb9lDowajQpYNM9qZF0eVdpav\njv/BxFgQPhHfCO59vl7YYrfA/WLu/EqTNRDStLGT6JMbLSEJV/ReXi0AKcGH+Wol\nA8voPkaDsFGnajvui82ni5JwBVzGvgliRttocNTpIUr3ckCac16zjdg2/Iy9MUA8\nRFm3XCuO9xrcsbUyn70VOSsCAwEAAQ==\n-----END PUBLIC KEY-----\n",
            "rsa_bits": 4096
          },
          "private": "bnVsbA=="
        }
      ]
    }
  ]
}
