{
  "version": 4,
  "terraform_version": "0.12.26",
  "serial": 26,
  "lineage": "06f9e0ed-b4bf-a723-eddf-bd6a643116b2",
  "outputs": {
    "azs": {
      "value": [
        "eu-west-1a",
        "eu-west-1b",
        "eu-west-1c"
      ],
      "type": [
        "list",
        "string"
      ]
    },
    "private-key": {
      "value": "-----BEGIN RSA PRIVATE KEY-----\nMIIJKgIBAAKCAgEAroQyHLI9R4IUNLdJ+yULslOdjHBc2x/701m0c6M9KRym3BCD\nfiQJcqHZpNewm4iRwwyFz5wOSYcJrZNmpFVz5kuoFpwcnQLuIIr3DeETwRtSfGsf\n4cLZg5hXkK7P63y79vJU6iroDOWHJO5yUdmkdfan768tB0hrcMAi1CQgFaTVAy4D\nhfQIvQLOhWaBDXvMGDTvI3hNz25tZP95MB9iM7mYqTwO+k/EiwjbtrKMgBQ9lJXm\nk6ckNIwbEEcWKxv8sEF1dihrITf1b6F10DuwrY8/MCDlRJ3W8R6zGPmyMl2K1qmh\n3UU2eufJ+y9wZMP/o8yONT9xa4KS8bJ5S6G1eoWztRfugKD03U7XczJvagr695Ed\nQYlf5Ly6o81ddEsHp5nHT5NYwHRx5yTHpXVNUEeCMuZRylbCsnceEZNSlI/4TcQ9\n/u/1Tc3Hs3mAJ9biZcz9emJeTzJ8mweEeEVJVZhvdelJSdlKuU/3HgKGcKSLOc9S\n9+2nyWU/keUTg6wtnv/q72XJ9qRwEkrIscLvXWGC1PJmMmhOR4bbQCamAUkBustb\nCOvTpsFoHw7k/Sj0XRAtyJ2gQQ62tk7tHs1FtZLSLGYsusTFHXO06qVoOxGj+pPT\nneqhpN8pd/iSkzk8xebUVjWd1G1iYnjDF85fuHaqUWIti3I0rWyGlD20/4sCAwEA\nAQKCAgEAjscVAKlKvWBNC7wRSOnMIf+K3EVpktUeAJJZsmoRNbt9QHo6Ok9dc227\nVMQqd3VKW9u49lvkzH8widQYm8ZV5kproOPj/QlSrUlESxSkRs8Fs0kpclkqACH5\nMiPzc+Q/HBCzLEoiQ7rd0HdNDG4VwXUlfFFDc7vqOvrXA9zyawLKS6mvtD4tkAXl\n1PpCBzgLiJp2M/zPHDBqS8E/8wEaJNtpbLv4PQ5Z7K44o8Z8cKUepJvnY1HRqzQd\nSDoAhxCEsec8JIl47FqN8OCWNOFA8R5LQiMHsBW6rtbBDGPtSIuDdZCfHxrrMa7F\nbz4mpCo+0lIe3q2jK6ROeHPeDOSmRdZtpYOBNSYhmg9sppucDHD+nNqJO/xfwC57\nw1R8q2tgvPl3iBjEClpUsXmEj1qKTVm4Ha42Mg18VHvHwGbX3v+IzsXYTqKIpQc3\nBh1jTfKNEz/BZnXHAOLzwcGRh6QIMB3y6+V9/Lv1M5EJuI4XkX8DvtYYKXuaX6/3\n5zmZGSHfRah+Y8wy+eMaWJcIpsMnT93XgaCaqmh3jUIpNDpVZ7WD0LkVyf6CaFdG\nE9ZuaHc8CqMm6gwBa8ieNUm2tjhUkqLT3uROQVgiLeq87N/jtMs9UbmowZFvggv7\ngvwFM05rvKV8E+IffjgTI5jVuzoYuKGaRpvn74Jwf+vb6f06DwECggEBAMLHMuKr\ngzup7k0KLWiMjJVK6beGAW99tHshdaEeTKRDPRPtoErPxwZ+giRBGaWXEHVVWqos\nS+AtK2KL4Q+bcmL3HGMl85EbY63F5dkOuQsq5mXnr/yRBRYL07iIkxUYbRk6UBvY\nd6/6l93md/AG5C7MA1GdC/jjYlProRNcR7du6nf2HJUp4c1n05FD6Ot4m4d8Jcin\nhk9jT0i1Ywr0Ys+er8tEdm1MUFTzZ9ELXFhkTTxX5kY28aG7dxJPpFU9mmtgGG/b\nqat128OkFa4KLv/16hoJc9E14yovxO5WDqTrgrPtaCGNmxLHB2Npr95Reu0WJb+W\ns0oGe9/vNKI/jsECggEBAOVeo5Ees0xgLebQGVYtbHYGxQOWSJA8Sl8plOtSpRjK\nnw0U0HvhKfJERpjQOOk1n9YfGNBApnJQWFZabBtwSjygt7FeEyE+i1n/gU8UHP/b\n8oCzuwcT/MOfNkzWvmb0n9tU6wRFlPPM8FL+8l6y7Kd0CLa5H2XbaNx8SgnGziDD\nmLdDE5Bp93UMaOzAu/1Vwq1KuT8OjfvcPxQv76Kws765hJMGtzfpYgvdjxD/RCSe\n1bTU+KTC1Vw5EWH4kSIf8gUMLn0RL3j0eUSu0ByJ+p5TvEb6HSPt5LJv/PiIF5ap\nWONue0T3icS1j1X4gv2urgOQN1TxhlbMfHM4ZkbObUsCggEBAJuGBLp66nF0cSOw\nkateNk5qn417gZ/tRnPetpbso5OxYI6N+aRinW8xCmc6V+khYvHdMmSYtAkO6Apq\n2Ezm+QHOgCsmvYHK1d+GGc4j9FrXaVpLEflgLih5TxeUbaS1eT9gkWB6iq7IMATt\npizQw9gd7DR5anrTzMpnZZkY4Oa1uKAKsq3j4DlrwsHF8LA8ACvBVEYQhazUBhVv\nR+MSWeeftIxgYRNKkQYTyHxhTt4BUK5zHRpJesyB7ESBtRye8LL16u09/w86Lzza\nwrjRxs94IvGhRInzNiyUMfGAY3cJ2bYjRTctY3ot01dspxGkC7xNJ9z/zq632Kdo\nz6URjMECggEBANSJ9Zcrk4laNi6C9ndcb/yOGVFRmLvOoju8FDpawpFOcEN23hls\nc6oCikhf6dxvzERlXGDdB182BCVAdJyYWLIFWzIHskJD6mzizbexM44DCZso8E2G\nv9mlVnOtKZHNa7OZ5Ix4zaV8adT+WShXM+OXKdvnfqirv2dP5GtaxPanSIPIrABN\nsPfNIA0CKzB8n4BklXNQ0VBorirOoIdopaY90hNLTcuJf0jvbPqbD1G/vNdr4VsL\nDxn955WY9yNf5qu2tf0+R3cVUqnKMx2+3XSIsxYx/X6lmh2emBLUSMda9PsKDT/D\nAO4+LyvCs97OVoEGyb70bz9PDKLXyC4kajECggEAAw0lRSn+nYT+CM3udT4TM12a\nf5vFtF7cufvmXcnpNI6UMZXHKDgGmX6VruGLkPfVuXq5Kw/ClLRWfvkVQAepflhK\nglQUN8JUVVOm2PJRicDyYbCdmiSLyQMPFzcRNYTjQ9bqqLNkkBWJU/DWNbdm1G75\nPfQOY+y2y+IK5QhEeXNZq4YwHHPn6oZBvYUx7wZPt2zp1xIEgRVlqxWfIRFbikNG\nffssqsQKx5IwGO52FVDX8rBq4IVDVeCTeSoqXZTPJIjtBCdk2HoZp1uzd5Ky8bqa\nv2O/3ySanU+lmGWGCXzykdqGVOYG64SdvSahDB9u3cEo7XFLih0pqAgzSo9n0w==\n-----END RSA PRIVATE KEY-----\n",
      "type": "string"
    },
    "private_subnets": {
      "value": [
        "subnet-0ca0928b1ee08401d",
        "subnet-029cdf91aa2c43966",
        "subnet-02b855d963f354a8c"
      ],
      "type": [
        "tuple",
        [
          "string",
          "string",
          "string"
        ]
      ]
    },
    "public_subnets": {
      "value": [
        "subnet-0cb095be827bd2166",
        "subnet-0b1b78a4cb8f93447",
        "subnet-0ef00be77e7ea5663"
      ],
      "type": [
        "tuple",
        [
          "string",
          "string",
          "string"
        ]
      ]
    },
    "vpc_cidr_block": {
      "value": "10.0.0.0/16",
      "type": "string"
    },
    "vpc_id": {
      "value": "vpc-0d781f63348f49c4d",
      "type": "string"
    }
  },
  "resources": [
    {
      "mode": "data",
      "type": "aws_ami",
      "name": "ubuntu",
      "provider": "provider.aws",
      "instances": [
        {
          "schema_version": 0,
          "attributes": {
            "architecture": "x86_64",
            "block_device_mappings": [
              {
                "device_name": "/dev/sda1",
                "ebs": {
                  "delete_on_termination": "true",
                  "encrypted": "false",
                  "iops": "0",
                  "snapshot_id": "snap-043d0978b82213424",
                  "volume_size": "8",
                  "volume_type": "gp2"
                },
                "no_device": "",
                "virtual_name": ""
              },
              {
                "device_name": "/dev/sdb",
                "ebs": {},
                "no_device": "",
                "virtual_name": "ephemeral0"
              },
              {
                "device_name": "/dev/sdc",
                "ebs": {},
                "no_device": "",
                "virtual_name": "ephemeral1"
              }
            ],
            "creation_date": "2020-06-11T22:06:10.000Z",
            "description": "Canonical, Ubuntu, 18.04 LTS, amd64 bionic image build on 2020-06-11",
            "executable_users": null,
            "filter": [
              {
                "name": "architecture",
                "values": [
                  "x86_64"
                ]
              },
              {
                "name": "name",
                "values": [
                  "ubuntu/images/hvm-ssd/ubuntu-bionic-18.04-amd64-server-*"
                ]
              },
              {
                "name": "root-device-type",
                "values": [
                  "ebs"
                ]
              },
              {
                "name": "virtualization-type",
                "values": [
                  "hvm"
                ]
              }
            ],
            "hypervisor": "xen",
            "id": "ami-089cc16f7f08c4457",
            "image_id": "ami-089cc16f7f08c4457",
            "image_location": "099720109477/ubuntu/images/hvm-ssd/ubuntu-bionic-18.04-amd64-server-20200611",
            "image_owner_alias": null,
            "image_type": "machine",
            "kernel_id": null,
            "most_recent": true,
            "name": "ubuntu/images/hvm-ssd/ubuntu-bionic-18.04-amd64-server-20200611",
            "name_regex": null,
            "owner_id": "099720109477",
            "owners": [
              "099720109477"
            ],
            "platform": null,
            "product_codes": [],
            "public": true,
            "ramdisk_id": null,
            "root_device_name": "/dev/sda1",
            "root_device_type": "ebs",
            "root_snapshot_id": "snap-043d0978b82213424",
            "sriov_net_support": "simple",
            "state": "available",
            "state_reason": {
              "code": "UNSET",
              "message": "UNSET"
            },
            "tags": {},
            "virtualization_type": "hvm"
          }
        }
      ]
    },
    {
      "module": "module.vpc",
      "mode": "data",
      "type": "aws_iam_policy_document",
      "name": "flow_log_cloudwatch_assume_role",
      "each": "list",
      "provider": "provider.aws",
      "instances": []
    },
    {
      "module": "module.vpc",
      "mode": "data",
      "type": "aws_iam_policy_document",
      "name": "vpc_flow_log_cloudwatch",
      "each": "list",
      "provider": "provider.aws",
      "instances": []
    },
    {
      "mode": "data",
      "type": "aws_subnet_ids",
      "name": "public_subnets",
      "provider": "provider.aws",
      "instances": [
        {
          "schema_version": 0,
          "attributes": {
            "filter": null,
            "id": "vpc-0d781f63348f49c4d",
            "ids": [
              "subnet-029cdf91aa2c43966",
              "subnet-02b855d963f354a8c",
              "subnet-0b1b78a4cb8f93447",
              "subnet-0ca0928b1ee08401d",
              "subnet-0cb095be827bd2166",
              "subnet-0ef00be77e7ea5663"
            ],
            "tags": null,
            "vpc_id": "vpc-0d781f63348f49c4d"
          }
        }
      ]
    },
    {
      "module": "module.vpc",
      "mode": "data",
      "type": "aws_vpc_endpoint_service",
      "name": "access_analyzer",
      "each": "list",
      "provider": "provider.aws",
      "instances": []
    },
    {
      "module": "module.vpc",
      "mode": "data",
      "type": "aws_vpc_endpoint_service",
      "name": "acm_pca",
      "each": "list",
      "provider": "provider.aws",
      "instances": []
    },
    {
      "module": "module.vpc",
      "mode": "data",
      "type": "aws_vpc_endpoint_service",
      "name": "apigw",
      "each": "list",
      "provider": "provider.aws",
      "instances": []
    },
    {
      "module": "module.vpc",
      "mode": "data",
      "type": "aws_vpc_endpoint_service",
      "name": "appmesh_envoy_management",
      "each": "list",
      "provider": "provider.aws",
      "instances": []
    },
    {
      "module": "module.vpc",
      "mode": "data",
      "type": "aws_vpc_endpoint_service",
      "name": "appstream",
      "each": "list",
      "provider": "provider.aws",
      "instances": []
    },
    {
      "module": "module.vpc",
      "mode": "data",
      "type": "aws_vpc_endpoint_service",
      "name": "athena",
      "each": "list",
      "provider": "provider.aws",
      "instances": []
    },
    {
      "module": "module.vpc",
      "mode": "data",
      "type": "aws_vpc_endpoint_service",
      "name": "auto_scaling_plans",
      "each": "list",
      "provider": "provider.aws",
      "instances": []
    },
    {
      "module": "module.vpc",
      "mode": "data",
      "type": "aws_vpc_endpoint_service",
      "name": "cloud_directory",
      "each": "list",
      "provider": "provider.aws",
      "instances": []
    },
    {
      "module": "module.vpc",
      "mode": "data",
      "type": "aws_vpc_endpoint_service",
      "name": "cloudformation",
      "each": "list",
      "provider": "provider.aws",
      "instances": []
    },
    {
      "module": "module.vpc",
      "mode": "data",
      "type": "aws_vpc_endpoint_service",
      "name": "cloudtrail",
      "each": "list",
      "provider": "provider.aws",
      "instances": []
    },
    {
      "module": "module.vpc",
      "mode": "data",
      "type": "aws_vpc_endpoint_service",
      "name": "codebuild",
      "each": "list",
      "provider": "provider.aws",
      "instances": []
    },
    {
      "module": "module.vpc",
      "mode": "data",
      "type": "aws_vpc_endpoint_service",
      "name": "codecommit",
      "each": "list",
      "provider": "provider.aws",
      "instances": []
    },
    {
      "module": "module.vpc",
      "mode": "data",
      "type": "aws_vpc_endpoint_service",
      "name": "codepipeline",
      "each": "list",
      "provider": "provider.aws",
      "instances": []
    },
    {
      "module": "module.vpc",
      "mode": "data",
      "type": "aws_vpc_endpoint_service",
      "name": "config",
      "each": "list",
      "provider": "provider.aws",
      "instances": []
    },
    {
      "module": "module.vpc",
      "mode": "data",
      "type": "aws_vpc_endpoint_service",
      "name": "datasync",
      "each": "list",
      "provider": "provider.aws",
      "instances": []
    },
    {
      "module": "module.vpc",
      "mode": "data",
      "type": "aws_vpc_endpoint_service",
      "name": "dynamodb",
      "each": "list",
      "provider": "provider.aws",
      "instances": []
    },
    {
      "module": "module.vpc",
      "mode": "data",
      "type": "aws_vpc_endpoint_service",
      "name": "ebs",
      "each": "list",
      "provider": "provider.aws",
      "instances": []
    },
    {
      "module": "module.vpc",
      "mode": "data",
      "type": "aws_vpc_endpoint_service",
      "name": "ec2",
      "each": "list",
      "provider": "provider.aws",
      "instances": []
    },
    {
      "module": "module.vpc",
      "mode": "data",
      "type": "aws_vpc_endpoint_service",
      "name": "ec2_autoscaling",
      "each": "list",
      "provider": "provider.aws",
      "instances": []
    },
    {
      "module": "module.vpc",
      "mode": "data",
      "type": "aws_vpc_endpoint_service",
      "name": "ec2messages",
      "each": "list",
      "provider": "provider.aws",
      "instances": []
    },
    {
      "module": "module.vpc",
      "mode": "data",
      "type": "aws_vpc_endpoint_service",
      "name": "ecr_api",
      "each": "list",
      "provider": "provider.aws",
      "instances": []
    },
    {
      "module": "module.vpc",
      "mode": "data",
      "type": "aws_vpc_endpoint_service",
      "name": "ecr_dkr",
      "each": "list",
      "provider": "provider.aws",
      "instances": []
    },
    {
      "module": "module.vpc",
      "mode": "data",
      "type": "aws_vpc_endpoint_service",
      "name": "ecs",
      "each": "list",
      "provider": "provider.aws",
      "instances": []
    },
    {
      "module": "module.vpc",
      "mode": "data",
      "type": "aws_vpc_endpoint_service",
      "name": "ecs_agent",
      "each": "list",
      "provider": "provider.aws",
      "instances": []
    },
    {
      "module": "module.vpc",
      "mode": "data",
      "type": "aws_vpc_endpoint_service",
      "name": "ecs_telemetry",
      "each": "list",
      "provider": "provider.aws",
      "instances": []
    },
    {
      "module": "module.vpc",
      "mode": "data",
      "type": "aws_vpc_endpoint_service",
      "name": "efs",
      "each": "list",
      "provider": "provider.aws",
      "instances": []
    },
    {
      "module": "module.vpc",
      "mode": "data",
      "type": "aws_vpc_endpoint_service",
      "name": "elastic_inference_runtime",
      "each": "list",
      "provider": "provider.aws",
      "instances": []
    },
    {
      "module": "module.vpc",
      "mode": "data",
      "type": "aws_vpc_endpoint_service",
      "name": "elasticbeanstalk",
      "each": "list",
      "provider": "provider.aws",
      "instances": []
    },
    {
      "module": "module.vpc",
      "mode": "data",
      "type": "aws_vpc_endpoint_service",
      "name": "elasticbeanstalk_health",
      "each": "list",
      "provider": "provider.aws",
      "instances": []
    },
    {
      "module": "module.vpc",
      "mode": "data",
      "type": "aws_vpc_endpoint_service",
      "name": "elasticloadbalancing",
      "each": "list",
      "provider": "provider.aws",
      "instances": []
    },
    {
      "module": "module.vpc",
      "mode": "data",
      "type": "aws_vpc_endpoint_service",
      "name": "emr",
      "each": "list",
      "provider": "provider.aws",
      "instances": []
    },
    {
      "module": "module.vpc",
      "mode": "data",
      "type": "aws_vpc_endpoint_service",
      "name": "events",
      "each": "list",
      "provider": "provider.aws",
      "instances": []
    },
    {
      "module": "module.vpc",
      "mode": "data",
      "type": "aws_vpc_endpoint_service",
      "name": "git_codecommit",
      "each": "list",
      "provider": "provider.aws",
      "instances": []
    },
    {
      "module": "module.vpc",
      "mode": "data",
      "type": "aws_vpc_endpoint_service",
      "name": "glue",
      "each": "list",
      "provider": "provider.aws",
      "instances": []
    },
    {
      "module": "module.vpc",
      "mode": "data",
      "type": "aws_vpc_endpoint_service",
      "name": "kinesis_firehose",
      "each": "list",
      "provider": "provider.aws",
      "instances": []
    },
    {
      "module": "module.vpc",
      "mode": "data",
      "type": "aws_vpc_endpoint_service",
      "name": "kinesis_streams",
      "each": "list",
      "provider": "provider.aws",
      "instances": []
    },
    {
      "module": "module.vpc",
      "mode": "data",
      "type": "aws_vpc_endpoint_service",
      "name": "kms",
      "each": "list",
      "provider": "provider.aws",
      "instances": []
    },
    {
      "module": "module.vpc",
      "mode": "data",
      "type": "aws_vpc_endpoint_service",
      "name": "logs",
      "each": "list",
      "provider": "provider.aws",
      "instances": []
    },
    {
      "module": "module.vpc",
      "mode": "data",
      "type": "aws_vpc_endpoint_service",
      "name": "monitoring",
      "each": "list",
      "provider": "provider.aws",
      "instances": []
    },
    {
      "module": "module.vpc",
      "mode": "data",
      "type": "aws_vpc_endpoint_service",
      "name": "qldb_session",
      "each": "list",
      "provider": "provider.aws",
      "instances": []
    },
    {
      "module": "module.vpc",
      "mode": "data",
      "type": "aws_vpc_endpoint_service",
      "name": "rekognition",
      "each": "list",
      "provider": "provider.aws",
      "instances": []
    },
    {
      "module": "module.vpc",
      "mode": "data",
      "type": "aws_vpc_endpoint_service",
      "name": "s3",
      "each": "list",
      "provider": "provider.aws",
      "instances": []
    },
    {
      "module": "module.vpc",
      "mode": "data",
      "type": "aws_vpc_endpoint_service",
      "name": "sagemaker_api",
      "each": "list",
      "provider": "provider.aws",
      "instances": []
    },
    {
      "module": "module.vpc",
      "mode": "data",
      "type": "aws_vpc_endpoint_service",
      "name": "sagemaker_notebook",
      "each": "list",
      "provider": "provider.aws",
      "instances": []
    },
    {
      "module": "module.vpc",
      "mode": "data",
      "type": "aws_vpc_endpoint_service",
      "name": "sagemaker_runtime",
      "each": "list",
      "provider": "provider.aws",
      "instances": []
    },
    {
      "module": "module.vpc",
      "mode": "data",
      "type": "aws_vpc_endpoint_service",
      "name": "secretsmanager",
      "each": "list",
      "provider": "provider.aws",
      "instances": []
    },
    {
      "module": "module.vpc",
      "mode": "data",
      "type": "aws_vpc_endpoint_service",
      "name": "servicecatalog",
      "each": "list",
      "provider": "provider.aws",
      "instances": []
    },
    {
      "module": "module.vpc",
      "mode": "data",
      "type": "aws_vpc_endpoint_service",
      "name": "ses",
      "each": "list",
      "provider": "provider.aws",
      "instances": []
    },
    {
      "module": "module.vpc",
      "mode": "data",
      "type": "aws_vpc_endpoint_service",
      "name": "sms",
      "each": "list",
      "provider": "provider.aws",
      "instances": []
    },
    {
      "module": "module.vpc",
      "mode": "data",
      "type": "aws_vpc_endpoint_service",
      "name": "sns",
      "each": "list",
      "provider": "provider.aws",
      "instances": []
    },
    {
      "module": "module.vpc",
      "mode": "data",
      "type": "aws_vpc_endpoint_service",
      "name": "sqs",
      "each": "list",
      "provider": "provider.aws",
      "instances": []
    },
    {
      "module": "module.vpc",
      "mode": "data",
      "type": "aws_vpc_endpoint_service",
      "name": "ssm",
      "each": "list",
      "provider": "provider.aws",
      "instances": []
    },
    {
      "module": "module.vpc",
      "mode": "data",
      "type": "aws_vpc_endpoint_service",
      "name": "ssmmessages",
      "each": "list",
      "provider": "provider.aws",
      "instances": []
    },
    {
      "module": "module.vpc",
      "mode": "data",
      "type": "aws_vpc_endpoint_service",
      "name": "states",
      "each": "list",
      "provider": "provider.aws",
      "instances": []
    },
    {
      "module": "module.vpc",
      "mode": "data",
      "type": "aws_vpc_endpoint_service",
      "name": "storagegateway",
      "each": "list",
      "provider": "provider.aws",
      "instances": []
    },
    {
      "module": "module.vpc",
      "mode": "data",
      "type": "aws_vpc_endpoint_service",
      "name": "sts",
      "each": "list",
      "provider": "provider.aws",
      "instances": []
    },
    {
      "module": "module.vpc",
      "mode": "data",
      "type": "aws_vpc_endpoint_service",
      "name": "transfer",
      "each": "list",
      "provider": "provider.aws",
      "instances": []
    },
    {
      "module": "module.vpc",
      "mode": "data",
      "type": "aws_vpc_endpoint_service",
      "name": "transferserver",
      "each": "list",
      "provider": "provider.aws",
      "instances": []
    },
    {
      "module": "module.vpc",
      "mode": "data",
      "type": "aws_vpc_endpoint_service",
      "name": "workspaces",
      "each": "list",
      "provider": "provider.aws",
      "instances": []
    },
    {
      "mode": "data",
      "type": "template_file",
      "name": "cloud_config",
      "provider": "provider.template",
      "instances": [
        {
          "schema_version": 0,
          "attributes": {
            "filename": null,
            "id": "85176340bfbadd8787f7b9fc02554af5df19dad3cd4cb1d58d06e03948337e6f",
            "rendered": "#cloud-config\r\nruncmd:\r\n- apt-get update\r\n- apt-get install -y apt-transport-https jq software-properties-common\r\n- curl -fsSL https://download.docker.com/linux/ubuntu/gpg | sudo apt-key add -\r\n- add-apt-repository \"deb [arch=amd64] https://download.docker.com/linux/ubuntu $(lsb_release -cs) stable\"\r\n- apt-get update\r\n- apt-get -y install docker-ce=5:19.03.8~3-0~ubuntu-bionic\r\n- usermod -G docker -a ubuntu\r\n- echo '{\"log-driver\":\"json-file\",\"log-opts\":{\"max-size\":\"10m\",\"max-file\":\"6\"}}' | jq . \u003e /etc/docker/daemon.json\r\n- systemctl restart docker \u0026\u0026 systemctl enable docker\r\n- docker pull rancher/rancher\r\n- mkdir /opt/rancher/\r\n- mkdir /var/log/rancher/auditlog/\r\n- docker run -d --restart=unless-stopped -p 80:80 -p 443:443 -v /var/log/rancher/auditlog:/var/log/auditlog -v /opt/rancher:/var/lib/rancher rancher/rancher:latest\r\n",
            "template": "#cloud-config\r\nruncmd:\r\n- apt-get update\r\n- apt-get install -y apt-transport-https jq software-properties-common\r\n- curl -fsSL https://download.docker.com/linux/ubuntu/gpg | sudo apt-key add -\r\n- add-apt-repository \"deb [arch=amd64] https://download.docker.com/linux/ubuntu $(lsb_release -cs) stable\"\r\n- apt-get update\r\n- apt-get -y install docker-ce=5:19.03.8~3-0~ubuntu-bionic\r\n- usermod -G docker -a ubuntu\r\n- echo '{\"log-driver\":\"json-file\",\"log-opts\":{\"max-size\":\"10m\",\"max-file\":\"6\"}}' | jq . \u003e /etc/docker/daemon.json\r\n- systemctl restart docker \u0026\u0026 systemctl enable docker\r\n- docker pull rancher/rancher\r\n- mkdir /opt/rancher/\r\n- mkdir /var/log/rancher/auditlog/\r\n- docker run -d --restart=unless-stopped -p 80:80 -p 443:443 -v /var/log/rancher/auditlog:/var/log/auditlog -v /opt/rancher:/var/lib/rancher rancher/rancher:latest\r\n",
            "vars": null
          }
        }
      ]
    },
    {
      "module": "module.vpc",
      "mode": "managed",
      "type": "aws_cloudwatch_log_group",
      "name": "flow_log",
      "each": "list",
      "provider": "provider.aws",
      "instances": []
    },
    {
      "module": "module.vpc",
      "mode": "managed",
      "type": "aws_customer_gateway",
      "name": "this",
      "each": "map",
      "provider": "provider.aws",
      "instances": []
    },
    {
      "module": "module.vpc",
      "mode": "managed",
      "type": "aws_db_subnet_group",
      "name": "database",
      "each": "list",
      "provider": "provider.aws",
      "instances": []
    },
    {
      "module": "module.vpc",
      "mode": "managed",
      "type": "aws_default_network_acl",
      "name": "this",
      "each": "list",
      "provider": "provider.aws",
      "instances": []
    },
    {
      "module": "module.vpc",
      "mode": "managed",
      "type": "aws_default_security_group",
      "name": "this",
      "each": "list",
      "provider": "provider.aws",
      "instances": []
    },
    {
      "module": "module.vpc",
      "mode": "managed",
      "type": "aws_default_vpc",
      "name": "this",
      "each": "list",
      "provider": "provider.aws",
      "instances": []
    },
    {
      "module": "module.vpc",
      "mode": "managed",
      "type": "aws_egress_only_internet_gateway",
      "name": "this",
      "each": "list",
      "provider": "provider.aws",
      "instances": []
    },
    {
      "module": "module.vpc",
      "mode": "managed",
      "type": "aws_eip",
      "name": "nat",
      "each": "list",
      "provider": "provider.aws",
      "instances": []
    },
    {
      "module": "module.vpc",
      "mode": "managed",
      "type": "aws_elasticache_subnet_group",
      "name": "elasticache",
      "each": "list",
      "provider": "provider.aws",
      "instances": []
    },
    {
      "module": "module.vpc",
      "mode": "managed",
      "type": "aws_flow_log",
      "name": "this",
      "each": "list",
      "provider": "provider.aws",
      "instances": []
    },
    {
      "module": "module.vpc",
      "mode": "managed",
      "type": "aws_iam_policy",
      "name": "vpc_flow_log_cloudwatch",
      "each": "list",
      "provider": "provider.aws",
      "instances": []
    },
    {
      "module": "module.vpc",
      "mode": "managed",
      "type": "aws_iam_role",
      "name": "vpc_flow_log_cloudwatch",
      "each": "list",
      "provider": "provider.aws",
      "instances": []
    },
    {
      "module": "module.vpc",
      "mode": "managed",
      "type": "aws_iam_role_policy_attachment",
      "name": "vpc_flow_log_cloudwatch",
      "each": "list",
      "provider": "provider.aws",
      "instances": []
    },
    {
      "mode": "managed",
      "type": "aws_instance",
      "name": "rancher_server",
      "provider": "provider.aws",
      "instances": [
        {
          "status": "tainted",
          "schema_version": 1,
          "attributes": {
            "ami": "ami-089cc16f7f08c4457",
            "arn": "arn:aws:ec2:eu-west-1:269252826423:instance/i-0433b6352d4c23d36",
            "associate_public_ip_address": true,
            "availability_zone": "eu-west-1b",
            "cpu_core_count": 1,
            "cpu_threads_per_core": 2,
            "credit_specification": [
              {
                "cpu_credits": "unlimited"
              }
            ],
            "disable_api_termination": false,
            "ebs_block_device": [],
            "ebs_optimized": false,
            "ephemeral_block_device": [],
            "get_password_data": false,
            "hibernation": false,
            "host_id": null,
            "iam_instance_profile": "",
            "id": "i-0433b6352d4c23d36",
            "instance_initiated_shutdown_behavior": null,
            "instance_state": "running",
            "instance_type": "t3a.medium",
            "ipv6_address_count": 0,
            "ipv6_addresses": [],
            "key_name": "terraform-20200622101306793900000001",
            "metadata_options": [
              {
                "http_endpoint": "enabled",
                "http_put_response_hop_limit": 1,
                "http_tokens": "optional"
              }
            ],
            "monitoring": false,
            "network_interface": [],
            "network_interface_id": null,
            "outpost_arn": "",
            "password_data": "",
            "placement_group": "",
            "primary_network_interface_id": "eni-02d463e94242cbd20",
            "private_dns": "ip-10-0-2-165.eu-west-1.compute.internal",
            "private_ip": "10.0.2.165",
            "public_dns": "",
            "public_ip": "3.249.149.231",
            "root_block_device": [
              {
                "delete_on_termination": true,
                "device_name": "/dev/sda1",
                "encrypted": false,
                "iops": 100,
                "kms_key_id": "",
                "volume_id": "vol-015e991a3f62b9de7",
                "volume_size": 8,
                "volume_type": "gp2"
              }
            ],
            "security_groups": [
              "sg-0e216aa4b772f2547"
            ],
            "source_dest_check": true,
            "subnet_id": "subnet-029cdf91aa2c43966",
            "tags": {
              "Name": "rancher-server"
            },
            "tenancy": "default",
            "timeouts": null,
            "user_data": "f865e5f66ecbc2a9332c0ff12a0bc4570a4e8bbd",
            "user_data_base64": null,
            "volume_tags": {},
            "vpc_security_group_ids": [
              "sg-0e216aa4b772f2547"
            ]
          },
          "private": "eyJlMmJmYjczMC1lY2FhLTExZTYtOGY4OC0zNDM2M2JjN2M0YzAiOnsiY3JlYXRlIjo2MDAwMDAwMDAwMDAsImRlbGV0ZSI6MTIwMDAwMDAwMDAwMCwidXBkYXRlIjo2MDAwMDAwMDAwMDB9LCJzY2hlbWFfdmVyc2lvbiI6IjEifQ==",
          "dependencies": [
            "aws_key_pair.ssh",
            "aws_security_group.rancher_sg_allowall",
            "module.vpc.aws_vpc.this",
            "tls_private_key.ssh"
          ]
        }
      ]
    },
    {
      "module": "module.vpc",
      "mode": "managed",
      "type": "aws_internet_gateway",
      "name": "this",
      "each": "list",
      "provider": "provider.aws",
      "instances": [
        {
          "index_key": 0,
          "schema_version": 0,
          "attributes": {
            "arn": "arn:aws:ec2:eu-west-1:269252826423:internet-gateway/igw-006fbec19bf00cab1",
            "id": "igw-006fbec19bf00cab1",
            "owner_id": "269252826423",
            "tags": {
              "Environment": "dev",
              "Name": "simple-example",
              "Owner": "user"
            },
            "vpc_id": "vpc-0d781f63348f49c4d"
          },
          "private": "bnVsbA==",
          "dependencies": [
            "module.vpc.aws_vpc.this",
            "module.vpc.aws_vpc_ipv4_cidr_block_association.this"
          ]
        }
      ]
    },
    {
      "mode": "managed",
      "type": "aws_key_pair",
      "name": "ssh",
      "provider": "provider.aws",
      "instances": [
        {
          "schema_version": 1,
          "attributes": {
            "arn": "arn:aws:ec2:eu-west-1:269252826423:key-pair/terraform-20200622101306793900000001",
            "fingerprint": "34:ca:21:d8:14:0d:77:08:e0:77:c7:17:4c:8c:18:5d",
            "id": "terraform-20200622101306793900000001",
            "key_name": "terraform-20200622101306793900000001",
            "key_name_prefix": null,
            "key_pair_id": "key-02ef2875cd4c2bd91",
            "public_key": "ssh-rsa AAAAB3NzaC1yc2EAAAADAQABAAACAQCuhDIcsj1HghQ0t0n7JQuyU52McFzbH/vTWbRzoz0pHKbcEIN+JAlyodmk17CbiJHDDIXPnA5Jhwmtk2akVXPmS6gWnBydAu4givcN4RPBG1J8ax/hwtmDmFeQrs/rfLv28lTqKugM5Yck7nJR2aR19qfvry0HSGtwwCLUJCAVpNUDLgOF9Ai9As6FZoENe8wYNO8jeE3Pbm1k/3kwH2IzuZipPA76T8SLCNu2soyAFD2UleaTpyQ0jBsQRxYrG/ywQXV2KGshN/VvoXXQO7Ctjz8wIOVEndbxHrMY+bIyXYrWqaHdRTZ658n7L3Bkw/+jzI41P3FrgpLxsnlLobV6hbO1F+6AoPTdTtdzMm9qCvr3kR1BiV/kvLqjzV10SwenmcdPk1jAdHHnJMeldU1QR4Iy5lHKVsKydx4Rk1KUj/hNxD3+7/VNzcezeYAn1uJlzP16Yl5PMnybB4R4RUlVmG916UlJ2Uq5T/ceAoZwpIs5z1L37afJZT+R5RODrC2e/+rvZcn2pHASSsixwu9dYYLU8mYyaE5HhttAJqYBSQG6y1sI69OmwWgfDuT9KPRdEC3InaBBDra2Tu0ezUW1ktIsZiy6xMUdc7TqpWg7EaP6k9Od6qGk3yl3+JKTOTzF5tRWNZ3UbWJieMMXzl+4dqpRYi2LcjStbIaUPbT/iw==",
            "tags": null
          },
          "private": "eyJzY2hlbWFfdmVyc2lvbiI6IjEifQ==",
          "dependencies": [
            "tls_private_key.ssh"
          ]
        }
      ]
    },
    {
      "module": "module.vpc",
      "mode": "managed",
      "type": "aws_nat_gateway",
      "name": "this",
      "each": "list",
      "provider": "provider.aws",
      "instances": []
    },
    {
      "module": "module.vpc",
      "mode": "managed",
      "type": "aws_network_acl",
      "name": "database",
      "each": "list",
      "provider": "provider.aws",
      "instances": []
    },
    {
      "module": "module.vpc",
      "mode": "managed",
      "type": "aws_network_acl",
      "name": "elasticache",
      "each": "list",
      "provider": "provider.aws",
      "instances": []
    },
    {
      "module": "module.vpc",
      "mode": "managed",
      "type": "aws_network_acl",
      "name": "intra",
      "each": "list",
      "provider": "provider.aws",
      "instances": []
    },
    {
      "module": "module.vpc",
      "mode": "managed",
      "type": "aws_network_acl",
      "name": "private",
      "each": "list",
      "provider": "provider.aws",
      "instances": []
    },
    {
      "module": "module.vpc",
      "mode": "managed",
      "type": "aws_network_acl",
      "name": "public",
      "each": "list",
      "provider": "provider.aws",
      "instances": []
    },
    {
      "module": "module.vpc",
      "mode": "managed",
      "type": "aws_network_acl",
      "name": "redshift",
      "each": "list",
      "provider": "provider.aws",
      "instances": []
    },
    {
      "module": "module.vpc",
      "mode": "managed",
      "type": "aws_network_acl_rule",
      "name": "database_inbound",
      "each": "list",
      "provider": "provider.aws",
      "instances": []
    },
    {
      "module": "module.vpc",
      "mode": "managed",
      "type": "aws_network_acl_rule",
      "name": "database_outbound",
      "each": "list",
      "provider": "provider.aws",
      "instances": []
    },
    {
      "module": "module.vpc",
      "mode": "managed",
      "type": "aws_network_acl_rule",
      "name": "elasticache_inbound",
      "each": "list",
      "provider": "provider.aws",
      "instances": []
    },
    {
      "module": "module.vpc",
      "mode": "managed",
      "type": "aws_network_acl_rule",
      "name": "elasticache_outbound",
      "each": "list",
      "provider": "provider.aws",
      "instances": []
    },
    {
      "module": "module.vpc",
      "mode": "managed",
      "type": "aws_network_acl_rule",
      "name": "intra_inbound",
      "each": "list",
      "provider": "provider.aws",
      "instances": []
    },
    {
      "module": "module.vpc",
      "mode": "managed",
      "type": "aws_network_acl_rule",
      "name": "intra_outbound",
      "each": "list",
      "provider": "provider.aws",
      "instances": []
    },
    {
      "module": "module.vpc",
      "mode": "managed",
      "type": "aws_network_acl_rule",
      "name": "private_inbound",
      "each": "list",
      "provider": "provider.aws",
      "instances": []
    },
    {
      "module": "module.vpc",
      "mode": "managed",
      "type": "aws_network_acl_rule",
      "name": "private_outbound",
      "each": "list",
      "provider": "provider.aws",
      "instances": []
    },
    {
      "module": "module.vpc",
      "mode": "managed",
      "type": "aws_network_acl_rule",
      "name": "public_inbound",
      "each": "list",
      "provider": "provider.aws",
      "instances": []
    },
    {
      "module": "module.vpc",
      "mode": "managed",
      "type": "aws_network_acl_rule",
      "name": "public_outbound",
      "each": "list",
      "provider": "provider.aws",
      "instances": []
    },
    {
      "module": "module.vpc",
      "mode": "managed",
      "type": "aws_network_acl_rule",
      "name": "redshift_inbound",
      "each": "list",
      "provider": "provider.aws",
      "instances": []
    },
    {
      "module": "module.vpc",
      "mode": "managed",
      "type": "aws_network_acl_rule",
      "name": "redshift_outbound",
      "each": "list",
      "provider": "provider.aws",
      "instances": []
    },
    {
      "module": "module.vpc",
      "mode": "managed",
      "type": "aws_redshift_subnet_group",
      "name": "redshift",
      "each": "list",
      "provider": "provider.aws",
      "instances": []
    },
    {
      "module": "module.vpc",
      "mode": "managed",
      "type": "aws_route",
      "name": "database_internet_gateway",
      "each": "list",
      "provider": "provider.aws",
      "instances": []
    },
    {
      "module": "module.vpc",
      "mode": "managed",
      "type": "aws_route",
      "name": "database_ipv6_egress",
      "each": "list",
      "provider": "provider.aws",
      "instances": []
    },
    {
      "module": "module.vpc",
      "mode": "managed",
      "type": "aws_route",
      "name": "database_nat_gateway",
      "each": "list",
      "provider": "provider.aws",
      "instances": []
    },
    {
      "module": "module.vpc",
      "mode": "managed",
      "type": "aws_route",
      "name": "private_ipv6_egress",
      "each": "list",
      "provider": "provider.aws",
      "instances": []
    },
    {
      "module": "module.vpc",
      "mode": "managed",
      "type": "aws_route",
      "name": "private_nat_gateway",
      "each": "list",
      "provider": "provider.aws",
      "instances": []
    },
    {
      "module": "module.vpc",
      "mode": "managed",
      "type": "aws_route",
      "name": "public_internet_gateway",
      "each": "list",
      "provider": "provider.aws",
      "instances": [
        {
          "index_key": 0,
          "schema_version": 0,
          "attributes": {
            "destination_cidr_block": "0.0.0.0/0",
            "destination_ipv6_cidr_block": null,
            "destination_prefix_list_id": "",
            "egress_only_gateway_id": "",
            "gateway_id": "igw-006fbec19bf00cab1",
            "id": "r-rtb-01f62e1b8b06eeb081080289494",
            "instance_id": "",
            "instance_owner_id": "",
            "nat_gateway_id": "",
            "network_interface_id": "",
            "origin": "CreateRoute",
            "route_table_id": "rtb-01f62e1b8b06eeb08",
            "state": "active",
            "timeouts": {
              "create": "5m",
              "delete": null
            },
            "transit_gateway_id": "",
            "vpc_peering_connection_id": ""
          },
          "private": "eyJlMmJmYjczMC1lY2FhLTExZTYtOGY4OC0zNDM2M2JjN2M0YzAiOnsiY3JlYXRlIjozMDAwMDAwMDAwMDAsImRlbGV0ZSI6MzAwMDAwMDAwMDAwfX0=",
          "dependencies": [
            "module.vpc.aws_internet_gateway.this",
            "module.vpc.aws_route_table.public",
            "module.vpc.aws_vpc.this",
            "module.vpc.aws_vpc_ipv4_cidr_block_association.this"
          ]
        }
      ]
    },
    {
      "module": "module.vpc",
      "mode": "managed",
      "type": "aws_route",
      "name": "public_internet_gateway_ipv6",
      "each": "list",
      "provider": "provider.aws",
      "instances": []
    },
    {
      "module": "module.vpc",
      "mode": "managed",
      "type": "aws_route_table",
      "name": "database",
      "each": "list",
      "provider": "provider.aws",
      "instances": []
    },
    {
      "module": "module.vpc",
      "mode": "managed",
      "type": "aws_route_table",
      "name": "elasticache",
      "each": "list",
      "provider": "provider.aws",
      "instances": []
    },
    {
      "module": "module.vpc",
      "mode": "managed",
      "type": "aws_route_table",
      "name": "intra",
      "each": "list",
      "provider": "provider.aws",
      "instances": []
    },
    {
      "module": "module.vpc",
      "mode": "managed",
      "type": "aws_route_table",
      "name": "private",
      "each": "list",
      "provider": "provider.aws",
      "instances": [
        {
          "index_key": 0,
          "schema_version": 0,
          "attributes": {
            "id": "rtb-054915793bbde245a",
            "owner_id": "269252826423",
            "propagating_vgws": [],
            "route": [],
            "tags": {
              "Environment": "dev",
              "Name": "simple-example-private-eu-west-1a",
              "Owner": "user"
            },
            "vpc_id": "vpc-0d781f63348f49c4d"
          },
          "private": "bnVsbA==",
          "dependencies": [
            "module.vpc.aws_vpc.this",
            "module.vpc.aws_vpc_ipv4_cidr_block_association.this"
          ]
        },
        {
          "index_key": 1,
          "schema_version": 0,
          "attributes": {
            "id": "rtb-0123ed41256b9461e",
            "owner_id": "269252826423",
            "propagating_vgws": [],
            "route": [],
            "tags": {
              "Environment": "dev",
              "Name": "simple-example-private-eu-west-1b",
              "Owner": "user"
            },
            "vpc_id": "vpc-0d781f63348f49c4d"
          },
          "private": "bnVsbA==",
          "dependencies": [
            "module.vpc.aws_vpc.this",
            "module.vpc.aws_vpc_ipv4_cidr_block_association.this"
          ]
        },
        {
          "index_key": 2,
          "schema_version": 0,
          "attributes": {
            "id": "rtb-057830be3c480d3f5",
            "owner_id": "269252826423",
            "propagating_vgws": [],
            "route": [],
            "tags": {
              "Environment": "dev",
              "Name": "simple-example-private-eu-west-1c",
              "Owner": "user"
            },
            "vpc_id": "vpc-0d781f63348f49c4d"
          },
          "private": "bnVsbA==",
          "dependencies": [
            "module.vpc.aws_vpc.this",
            "module.vpc.aws_vpc_ipv4_cidr_block_association.this"
          ]
        }
      ]
    },
    {
      "module": "module.vpc",
      "mode": "managed",
      "type": "aws_route_table",
      "name": "public",
      "each": "list",
      "provider": "provider.aws",
      "instances": [
        {
          "index_key": 0,
          "schema_version": 0,
          "attributes": {
            "id": "rtb-01f62e1b8b06eeb08",
            "owner_id": "269252826423",
            "propagating_vgws": [],
            "route": [],
            "tags": {
              "Environment": "dev",
              "Name": "simple-example-public",
              "Owner": "user"
            },
            "vpc_id": "vpc-0d781f63348f49c4d"
          },
          "private": "bnVsbA==",
          "dependencies": [
            "module.vpc.aws_vpc.this",
            "module.vpc.aws_vpc_ipv4_cidr_block_association.this"
          ]
        }
      ]
    },
    {
      "module": "module.vpc",
      "mode": "managed",
      "type": "aws_route_table",
      "name": "redshift",
      "each": "list",
      "provider": "provider.aws",
      "instances": []
    },
    {
      "module": "module.vpc",
      "mode": "managed",
      "type": "aws_route_table_association",
      "name": "database",
      "each": "list",
      "provider": "provider.aws",
      "instances": []
    },
    {
      "module": "module.vpc",
      "mode": "managed",
      "type": "aws_route_table_association",
      "name": "elasticache",
      "each": "list",
      "provider": "provider.aws",
      "instances": []
    },
    {
      "module": "module.vpc",
      "mode": "managed",
      "type": "aws_route_table_association",
      "name": "intra",
      "each": "list",
      "provider": "provider.aws",
      "instances": []
    },
    {
      "module": "module.vpc",
      "mode": "managed",
      "type": "aws_route_table_association",
      "name": "private",
      "each": "list",
      "provider": "provider.aws",
      "instances": [
        {
          "index_key": 0,
          "schema_version": 0,
          "attributes": {
            "gateway_id": null,
            "id": "rtbassoc-04a66a67314d5207d",
            "route_table_id": "rtb-054915793bbde245a",
            "subnet_id": "subnet-0ca0928b1ee08401d"
          },
          "private": "bnVsbA==",
          "dependencies": [
            "module.vpc.aws_route_table.private",
            "module.vpc.aws_subnet.private",
            "module.vpc.aws_vpc.this",
            "module.vpc.aws_vpc_ipv4_cidr_block_association.this"
          ]
        },
        {
          "index_key": 1,
          "schema_version": 0,
          "attributes": {
            "gateway_id": null,
            "id": "rtbassoc-0700ef47a80eaa243",
            "route_table_id": "rtb-0123ed41256b9461e",
            "subnet_id": "subnet-029cdf91aa2c43966"
          },
          "private": "bnVsbA==",
          "dependencies": [
            "module.vpc.aws_route_table.private",
            "module.vpc.aws_subnet.private",
            "module.vpc.aws_vpc.this",
            "module.vpc.aws_vpc_ipv4_cidr_block_association.this"
          ]
        },
        {
          "index_key": 2,
          "schema_version": 0,
          "attributes": {
            "gateway_id": null,
            "id": "rtbassoc-0576f26eaec3ce124",
            "route_table_id": "rtb-057830be3c480d3f5",
            "subnet_id": "subnet-02b855d963f354a8c"
          },
          "private": "bnVsbA==",
          "dependencies": [
            "module.vpc.aws_route_table.private",
            "module.vpc.aws_subnet.private",
            "module.vpc.aws_vpc.this",
            "module.vpc.aws_vpc_ipv4_cidr_block_association.this"
          ]
        }
      ]
    },
    {
      "module": "module.vpc",
      "mode": "managed",
      "type": "aws_route_table_association",
      "name": "public",
      "each": "list",
      "provider": "provider.aws",
      "instances": [
        {
          "index_key": 0,
          "schema_version": 0,
          "attributes": {
            "gateway_id": null,
            "id": "rtbassoc-0f8d10c3c4360219a",
            "route_table_id": "rtb-01f62e1b8b06eeb08",
            "subnet_id": "subnet-0cb095be827bd2166"
          },
          "private": "bnVsbA==",
          "dependencies": [
            "module.vpc.aws_route_table.public",
            "module.vpc.aws_subnet.public",
            "module.vpc.aws_vpc.this",
            "module.vpc.aws_vpc_ipv4_cidr_block_association.this"
          ]
        },
        {
          "index_key": 1,
          "schema_version": 0,
          "attributes": {
            "gateway_id": null,
            "id": "rtbassoc-08f3665280dac3752",
            "route_table_id": "rtb-01f62e1b8b06eeb08",
            "subnet_id": "subnet-0b1b78a4cb8f93447"
          },
          "private": "bnVsbA==",
          "dependencies": [
            "module.vpc.aws_route_table.public",
            "module.vpc.aws_subnet.public",
            "module.vpc.aws_vpc.this",
            "module.vpc.aws_vpc_ipv4_cidr_block_association.this"
          ]
        },
        {
          "index_key": 2,
          "schema_version": 0,
          "attributes": {
            "gateway_id": null,
            "id": "rtbassoc-0368cf8c1dd627036",
            "route_table_id": "rtb-01f62e1b8b06eeb08",
            "subnet_id": "subnet-0ef00be77e7ea5663"
          },
          "private": "bnVsbA==",
          "dependencies": [
            "module.vpc.aws_route_table.public",
            "module.vpc.aws_subnet.public",
            "module.vpc.aws_vpc.this",
            "module.vpc.aws_vpc_ipv4_cidr_block_association.this"
          ]
        }
      ]
    },
    {
      "module": "module.vpc",
      "mode": "managed",
      "type": "aws_route_table_association",
      "name": "redshift",
      "each": "list",
      "provider": "provider.aws",
      "instances": []
    },
    {
      "module": "module.vpc",
      "mode": "managed",
      "type": "aws_route_table_association",
      "name": "redshift_public",
      "each": "list",
      "provider": "provider.aws",
      "instances": []
    },
    {
      "mode": "managed",
      "type": "aws_security_group",
      "name": "rancher_sg_allowall",
      "provider": "provider.aws",
      "instances": [
        {
          "schema_version": 1,
          "attributes": {
            "arn": "arn:aws:ec2:eu-west-1:269252826423:security-group/sg-0e216aa4b772f2547",
            "description": "Rancher - allow all traffic",
            "egress": [
              {
                "cidr_blocks": [
                  "0.0.0.0/0"
                ],
                "description": "",
                "from_port": 0,
                "ipv6_cidr_blocks": [],
                "prefix_list_ids": [],
                "protocol": "-1",
                "security_groups": [],
                "self": false,
                "to_port": 0
              }
            ],
            "id": "sg-0e216aa4b772f2547",
            "ingress": [
              {
                "cidr_blocks": [
                  "0.0.0.0/0"
                ],
                "description": "",
                "from_port": 0,
                "ipv6_cidr_blocks": [],
                "prefix_list_ids": [],
                "protocol": "-1",
                "security_groups": [],
                "self": false,
                "to_port": 0
              }
            ],
            "name": "rancher-allowall",
            "name_prefix": null,
            "owner_id": "269252826423",
            "revoke_rules_on_delete": false,
            "tags": {
              "Creator": "rancher"
            },
            "timeouts": null,
            "vpc_id": "vpc-0d781f63348f49c4d"
          },
          "private": "eyJlMmJmYjczMC1lY2FhLTExZTYtOGY4OC0zNDM2M2JjN2M0YzAiOnsiY3JlYXRlIjo2MDAwMDAwMDAwMDAsImRlbGV0ZSI6NjAwMDAwMDAwMDAwfSwic2NoZW1hX3ZlcnNpb24iOiIxIn0=",
          "dependencies": [
            "module.vpc.aws_vpc.this"
          ]
        }
      ]
    },
    {
      "module": "module.vpc",
      "mode": "managed",
      "type": "aws_subnet",
      "name": "database",
      "each": "list",
      "provider": "provider.aws",
      "instances": []
    },
    {
      "module": "module.vpc",
      "mode": "managed",
      "type": "aws_subnet",
      "name": "elasticache",
      "each": "list",
      "provider": "provider.aws",
      "instances": []
    },
    {
      "module": "module.vpc",
      "mode": "managed",
      "type": "aws_subnet",
      "name": "intra",
      "each": "list",
      "provider": "provider.aws",
      "instances": []
    },
    {
      "module": "module.vpc",
      "mode": "managed",
      "type": "aws_subnet",
      "name": "private",
      "each": "list",
      "provider": "provider.aws",
      "instances": [
        {
          "index_key": 0,
          "schema_version": 1,
          "attributes": {
            "arn": "arn:aws:ec2:eu-west-1:269252826423:subnet/subnet-0ca0928b1ee08401d",
            "assign_ipv6_address_on_creation": false,
            "availability_zone": "eu-west-1a",
            "availability_zone_id": "euw1-az1",
            "cidr_block": "10.0.1.0/24",
            "id": "subnet-0ca0928b1ee08401d",
            "ipv6_cidr_block": "",
            "ipv6_cidr_block_association_id": "",
            "map_public_ip_on_launch": false,
            "outpost_arn": "",
            "owner_id": "269252826423",
            "tags": {
              "Environment": "dev",
              "Name": "simple-example-private-eu-west-1a",
              "Owner": "user"
            },
            "timeouts": null,
            "vpc_id": "vpc-0d781f63348f49c4d"
          },
          "private": "eyJlMmJmYjczMC1lY2FhLTExZTYtOGY4OC0zNDM2M2JjN2M0YzAiOnsiY3JlYXRlIjo2MDAwMDAwMDAwMDAsImRlbGV0ZSI6MTIwMDAwMDAwMDAwMH0sInNjaGVtYV92ZXJzaW9uIjoiMSJ9",
          "dependencies": [
            "module.vpc.aws_vpc.this",
            "module.vpc.aws_vpc_ipv4_cidr_block_association.this"
          ]
        },
        {
          "index_key": 1,
          "schema_version": 1,
          "attributes": {
            "arn": "arn:aws:ec2:eu-west-1:269252826423:subnet/subnet-029cdf91aa2c43966",
            "assign_ipv6_address_on_creation": false,
            "availability_zone": "eu-west-1b",
            "availability_zone_id": "euw1-az2",
            "cidr_block": "10.0.2.0/24",
            "id": "subnet-029cdf91aa2c43966",
            "ipv6_cidr_block": "",
            "ipv6_cidr_block_association_id": "",
            "map_public_ip_on_launch": false,
            "outpost_arn": "",
            "owner_id": "269252826423",
            "tags": {
              "Environment": "dev",
              "Name": "simple-example-private-eu-west-1b",
              "Owner": "user"
            },
            "timeouts": null,
            "vpc_id": "vpc-0d781f63348f49c4d"
          },
          "private": "eyJlMmJmYjczMC1lY2FhLTExZTYtOGY4OC0zNDM2M2JjN2M0YzAiOnsiY3JlYXRlIjo2MDAwMDAwMDAwMDAsImRlbGV0ZSI6MTIwMDAwMDAwMDAwMH0sInNjaGVtYV92ZXJzaW9uIjoiMSJ9",
          "dependencies": [
            "module.vpc.aws_vpc.this",
            "module.vpc.aws_vpc_ipv4_cidr_block_association.this"
          ]
        },
        {
          "index_key": 2,
          "schema_version": 1,
          "attributes": {
            "arn": "arn:aws:ec2:eu-west-1:269252826423:subnet/subnet-02b855d963f354a8c",
            "assign_ipv6_address_on_creation": false,
            "availability_zone": "eu-west-1c",
            "availability_zone_id": "euw1-az3",
            "cidr_block": "10.0.3.0/24",
            "id": "subnet-02b855d963f354a8c",
            "ipv6_cidr_block": "",
            "ipv6_cidr_block_association_id": "",
            "map_public_ip_on_launch": false,
            "outpost_arn": "",
            "owner_id": "269252826423",
            "tags": {
              "Environment": "dev",
              "Name": "simple-example-private-eu-west-1c",
              "Owner": "user"
            },
            "timeouts": null,
            "vpc_id": "vpc-0d781f63348f49c4d"
          },
          "private": "eyJlMmJmYjczMC1lY2FhLTExZTYtOGY4OC0zNDM2M2JjN2M0YzAiOnsiY3JlYXRlIjo2MDAwMDAwMDAwMDAsImRlbGV0ZSI6MTIwMDAwMDAwMDAwMH0sInNjaGVtYV92ZXJzaW9uIjoiMSJ9",
          "dependencies": [
            "module.vpc.aws_vpc.this",
            "module.vpc.aws_vpc_ipv4_cidr_block_association.this"
          ]
        }
      ]
    },
    {
      "module": "module.vpc",
      "mode": "managed",
      "type": "aws_subnet",
      "name": "public",
      "each": "list",
      "provider": "provider.aws",
      "instances": [
        {
          "index_key": 0,
          "schema_version": 1,
          "attributes": {
            "arn": "arn:aws:ec2:eu-west-1:269252826423:subnet/subnet-0cb095be827bd2166",
            "assign_ipv6_address_on_creation": false,
            "availability_zone": "eu-west-1a",
            "availability_zone_id": "euw1-az1",
            "cidr_block": "10.0.101.0/24",
            "id": "subnet-0cb095be827bd2166",
            "ipv6_cidr_block": "",
            "ipv6_cidr_block_association_id": "",
            "map_public_ip_on_launch": true,
            "outpost_arn": "",
            "owner_id": "269252826423",
            "tags": {
              "Environment": "dev",
              "Name": "simple-example-public-eu-west-1a",
              "Owner": "user"
            },
            "timeouts": null,
            "vpc_id": "vpc-0d781f63348f49c4d"
          },
          "private": "eyJlMmJmYjczMC1lY2FhLTExZTYtOGY4OC0zNDM2M2JjN2M0YzAiOnsiY3JlYXRlIjo2MDAwMDAwMDAwMDAsImRlbGV0ZSI6MTIwMDAwMDAwMDAwMH0sInNjaGVtYV92ZXJzaW9uIjoiMSJ9",
          "dependencies": [
            "module.vpc.aws_vpc.this",
            "module.vpc.aws_vpc_ipv4_cidr_block_association.this"
          ]
        },
        {
          "index_key": 1,
          "schema_version": 1,
          "attributes": {
            "arn": "arn:aws:ec2:eu-west-1:269252826423:subnet/subnet-0b1b78a4cb8f93447",
            "assign_ipv6_address_on_creation": false,
            "availability_zone": "eu-west-1b",
            "availability_zone_id": "euw1-az2",
            "cidr_block": "10.0.102.0/24",
            "id": "subnet-0b1b78a4cb8f93447",
            "ipv6_cidr_block": "",
            "ipv6_cidr_block_association_id": "",
            "map_public_ip_on_launch": true,
            "outpost_arn": "",
            "owner_id": "269252826423",
            "tags": {
              "Environment": "dev",
              "Name": "simple-example-public-eu-west-1b",
              "Owner": "user"
            },
            "timeouts": null,
            "vpc_id": "vpc-0d781f63348f49c4d"
          },
          "private": "eyJlMmJmYjczMC1lY2FhLTExZTYtOGY4OC0zNDM2M2JjN2M0YzAiOnsiY3JlYXRlIjo2MDAwMDAwMDAwMDAsImRlbGV0ZSI6MTIwMDAwMDAwMDAwMH0sInNjaGVtYV92ZXJzaW9uIjoiMSJ9",
          "dependencies": [
            "module.vpc.aws_vpc.this",
            "module.vpc.aws_vpc_ipv4_cidr_block_association.this"
          ]
        },
        {
          "index_key": 2,
          "schema_version": 1,
          "attributes": {
            "arn": "arn:aws:ec2:eu-west-1:269252826423:subnet/subnet-0ef00be77e7ea5663",
            "assign_ipv6_address_on_creation": false,
            "availability_zone": "eu-west-1c",
            "availability_zone_id": "euw1-az3",
            "cidr_block": "10.0.103.0/24",
            "id": "subnet-0ef00be77e7ea5663",
            "ipv6_cidr_block": "",
            "ipv6_cidr_block_association_id": "",
            "map_public_ip_on_launch": true,
            "outpost_arn": "",
            "owner_id": "269252826423",
            "tags": {
              "Environment": "dev",
              "Name": "simple-example-public-eu-west-1c",
              "Owner": "user"
            },
            "timeouts": null,
            "vpc_id": "vpc-0d781f63348f49c4d"
          },
          "private": "eyJlMmJmYjczMC1lY2FhLTExZTYtOGY4OC0zNDM2M2JjN2M0YzAiOnsiY3JlYXRlIjo2MDAwMDAwMDAwMDAsImRlbGV0ZSI6MTIwMDAwMDAwMDAwMH0sInNjaGVtYV92ZXJzaW9uIjoiMSJ9",
          "dependencies": [
            "module.vpc.aws_vpc.this",
            "module.vpc.aws_vpc_ipv4_cidr_block_association.this"
          ]
        }
      ]
    },
    {
      "module": "module.vpc",
      "mode": "managed",
      "type": "aws_subnet",
      "name": "redshift",
      "each": "list",
      "provider": "provider.aws",
      "instances": []
    },
    {
      "module": "module.vpc",
      "mode": "managed",
      "type": "aws_vpc",
      "name": "this",
      "each": "list",
      "provider": "provider.aws",
      "instances": [
        {
          "index_key": 0,
          "schema_version": 1,
          "attributes": {
            "arn": "arn:aws:ec2:eu-west-1:269252826423:vpc/vpc-0d781f63348f49c4d",
            "assign_generated_ipv6_cidr_block": false,
            "cidr_block": "10.0.0.0/16",
            "default_network_acl_id": "acl-09e02b4354419e522",
            "default_route_table_id": "rtb-098cd3460e1091ec3",
            "default_security_group_id": "sg-03bc1eb4452abbd4c",
            "dhcp_options_id": "dopt-eaa7088c",
            "enable_classiclink": false,
            "enable_classiclink_dns_support": false,
            "enable_dns_hostnames": false,
            "enable_dns_support": true,
            "id": "vpc-0d781f63348f49c4d",
            "instance_tenancy": "default",
            "ipv6_association_id": "",
            "ipv6_cidr_block": "",
            "main_route_table_id": "rtb-098cd3460e1091ec3",
            "owner_id": "269252826423",
            "tags": {
              "Environment": "dev",
              "Name": "rancher-vpc",
              "Owner": "user"
            }
          },
          "private": "eyJzY2hlbWFfdmVyc2lvbiI6IjEifQ=="
        }
      ]
    },
    {
      "module": "module.vpc",
      "mode": "managed",
      "type": "aws_vpc_dhcp_options",
      "name": "this",
      "each": "list",
      "provider": "provider.aws",
      "instances": []
    },
    {
      "module": "module.vpc",
      "mode": "managed",
      "type": "aws_vpc_dhcp_options_association",
      "name": "this",
      "each": "list",
      "provider": "provider.aws",
      "instances": []
    },
    {
      "module": "module.vpc",
      "mode": "managed",
      "type": "aws_vpc_endpoint",
      "name": "access_analyzer",
      "each": "list",
      "provider": "provider.aws",
      "instances": []
    },
    {
      "module": "module.vpc",
      "mode": "managed",
      "type": "aws_vpc_endpoint",
      "name": "acm_pca",
      "each": "list",
      "provider": "provider.aws",
      "instances": []
    },
    {
      "module": "module.vpc",
      "mode": "managed",
      "type": "aws_vpc_endpoint",
      "name": "apigw",
      "each": "list",
      "provider": "provider.aws",
      "instances": []
    },
    {
      "module": "module.vpc",
      "mode": "managed",
      "type": "aws_vpc_endpoint",
      "name": "appmesh_envoy_management",
      "each": "list",
      "provider": "provider.aws",
      "instances": []
    },
    {
      "module": "module.vpc",
      "mode": "managed",
      "type": "aws_vpc_endpoint",
      "name": "appstream",
      "each": "list",
      "provider": "provider.aws",
      "instances": []
    },
    {
      "module": "module.vpc",
      "mode": "managed",
      "type": "aws_vpc_endpoint",
      "name": "athena",
      "each": "list",
      "provider": "provider.aws",
      "instances": []
    },
    {
      "module": "module.vpc",
      "mode": "managed",
      "type": "aws_vpc_endpoint",
      "name": "auto_scaling_plans",
      "each": "list",
      "provider": "provider.aws",
      "instances": []
    },
    {
      "module": "module.vpc",
      "mode": "managed",
      "type": "aws_vpc_endpoint",
      "name": "cloud_directory",
      "each": "list",
      "provider": "provider.aws",
      "instances": []
    },
    {
      "module": "module.vpc",
      "mode": "managed",
      "type": "aws_vpc_endpoint",
      "name": "cloudformation",
      "each": "list",
      "provider": "provider.aws",
      "instances": []
    },
    {
      "module": "module.vpc",
      "mode": "managed",
      "type": "aws_vpc_endpoint",
      "name": "cloudtrail",
      "each": "list",
      "provider": "provider.aws",
      "instances": []
    },
    {
      "module": "module.vpc",
      "mode": "managed",
      "type": "aws_vpc_endpoint",
      "name": "codebuild",
      "each": "list",
      "provider": "provider.aws",
      "instances": []
    },
    {
      "module": "module.vpc",
      "mode": "managed",
      "type": "aws_vpc_endpoint",
      "name": "codecommit",
      "each": "list",
      "provider": "provider.aws",
      "instances": []
    },
    {
      "module": "module.vpc",
      "mode": "managed",
      "type": "aws_vpc_endpoint",
      "name": "codepipeline",
      "each": "list",
      "provider": "provider.aws",
      "instances": []
    },
    {
      "module": "module.vpc",
      "mode": "managed",
      "type": "aws_vpc_endpoint",
      "name": "config",
      "each": "list",
      "provider": "provider.aws",
      "instances": []
    },
    {
      "module": "module.vpc",
      "mode": "managed",
      "type": "aws_vpc_endpoint",
      "name": "datasync",
      "each": "list",
      "provider": "provider.aws",
      "instances": []
    },
    {
      "module": "module.vpc",
      "mode": "managed",
      "type": "aws_vpc_endpoint",
      "name": "dynamodb",
      "each": "list",
      "provider": "provider.aws",
      "instances": []
    },
    {
      "module": "module.vpc",
      "mode": "managed",
      "type": "aws_vpc_endpoint",
      "name": "ebs",
      "each": "list",
      "provider": "provider.aws",
      "instances": []
    },
    {
      "module": "module.vpc",
      "mode": "managed",
      "type": "aws_vpc_endpoint",
      "name": "ec2",
      "each": "list",
      "provider": "provider.aws",
      "instances": []
    },
    {
      "module": "module.vpc",
      "mode": "managed",
      "type": "aws_vpc_endpoint",
      "name": "ec2_autoscaling",
      "each": "list",
      "provider": "provider.aws",
      "instances": []
    },
    {
      "module": "module.vpc",
      "mode": "managed",
      "type": "aws_vpc_endpoint",
      "name": "ec2messages",
      "each": "list",
      "provider": "provider.aws",
      "instances": []
    },
    {
      "module": "module.vpc",
      "mode": "managed",
      "type": "aws_vpc_endpoint",
      "name": "ecr_api",
      "each": "list",
      "provider": "provider.aws",
      "instances": []
    },
    {
      "module": "module.vpc",
      "mode": "managed",
      "type": "aws_vpc_endpoint",
      "name": "ecr_dkr",
      "each": "list",
      "provider": "provider.aws",
      "instances": []
    },
    {
      "module": "module.vpc",
      "mode": "managed",
      "type": "aws_vpc_endpoint",
      "name": "ecs",
      "each": "list",
      "provider": "provider.aws",
      "instances": []
    },
    {
      "module": "module.vpc",
      "mode": "managed",
      "type": "aws_vpc_endpoint",
      "name": "ecs_agent",
      "each": "list",
      "provider": "provider.aws",
      "instances": []
    },
    {
      "module": "module.vpc",
      "mode": "managed",
      "type": "aws_vpc_endpoint",
      "name": "ecs_telemetry",
      "each": "list",
      "provider": "provider.aws",
      "instances": []
    },
    {
      "module": "module.vpc",
      "mode": "managed",
      "type": "aws_vpc_endpoint",
      "name": "efs",
      "each": "list",
      "provider": "provider.aws",
      "instances": []
    },
    {
      "module": "module.vpc",
      "mode": "managed",
      "type": "aws_vpc_endpoint",
      "name": "elastic_inference_runtime",
      "each": "list",
      "provider": "provider.aws",
      "instances": []
    },
    {
      "module": "module.vpc",
      "mode": "managed",
      "type": "aws_vpc_endpoint",
      "name": "elasticbeanstalk",
      "each": "list",
      "provider": "provider.aws",
      "instances": []
    },
    {
      "module": "module.vpc",
      "mode": "managed",
      "type": "aws_vpc_endpoint",
      "name": "elasticbeanstalk_health",
      "each": "list",
      "provider": "provider.aws",
      "instances": []
    },
    {
      "module": "module.vpc",
      "mode": "managed",
      "type": "aws_vpc_endpoint",
      "name": "elasticloadbalancing",
      "each": "list",
      "provider": "provider.aws",
      "instances": []
    },
    {
      "module": "module.vpc",
      "mode": "managed",
      "type": "aws_vpc_endpoint",
      "name": "emr",
      "each": "list",
      "provider": "provider.aws",
      "instances": []
    },
    {
      "module": "module.vpc",
      "mode": "managed",
      "type": "aws_vpc_endpoint",
      "name": "events",
      "each": "list",
      "provider": "provider.aws",
      "instances": []
    },
    {
      "module": "module.vpc",
      "mode": "managed",
      "type": "aws_vpc_endpoint",
      "name": "git_codecommit",
      "each": "list",
      "provider": "provider.aws",
      "instances": []
    },
    {
      "module": "module.vpc",
      "mode": "managed",
      "type": "aws_vpc_endpoint",
      "name": "glue",
      "each": "list",
      "provider": "provider.aws",
      "instances": []
    },
    {
      "module": "module.vpc",
      "mode": "managed",
      "type": "aws_vpc_endpoint",
      "name": "kinesis_firehose",
      "each": "list",
      "provider": "provider.aws",
      "instances": []
    },
    {
      "module": "module.vpc",
      "mode": "managed",
      "type": "aws_vpc_endpoint",
      "name": "kinesis_streams",
      "each": "list",
      "provider": "provider.aws",
      "instances": []
    },
    {
      "module": "module.vpc",
      "mode": "managed",
      "type": "aws_vpc_endpoint",
      "name": "kms",
      "each": "list",
      "provider": "provider.aws",
      "instances": []
    },
    {
      "module": "module.vpc",
      "mode": "managed",
      "type": "aws_vpc_endpoint",
      "name": "logs",
      "each": "list",
      "provider": "provider.aws",
      "instances": []
    },
    {
      "module": "module.vpc",
      "mode": "managed",
      "type": "aws_vpc_endpoint",
      "name": "monitoring",
      "each": "list",
      "provider": "provider.aws",
      "instances": []
    },
    {
      "module": "module.vpc",
      "mode": "managed",
      "type": "aws_vpc_endpoint",
      "name": "qldb_session",
      "each": "list",
      "provider": "provider.aws",
      "instances": []
    },
    {
      "module": "module.vpc",
      "mode": "managed",
      "type": "aws_vpc_endpoint",
      "name": "rekognition",
      "each": "list",
      "provider": "provider.aws",
      "instances": []
    },
    {
      "module": "module.vpc",
      "mode": "managed",
      "type": "aws_vpc_endpoint",
      "name": "s3",
      "each": "list",
      "provider": "provider.aws",
      "instances": []
    },
    {
      "module": "module.vpc",
      "mode": "managed",
      "type": "aws_vpc_endpoint",
      "name": "sagemaker_api",
      "each": "list",
      "provider": "provider.aws",
      "instances": []
    },
    {
      "module": "module.vpc",
      "mode": "managed",
      "type": "aws_vpc_endpoint",
      "name": "sagemaker_notebook",
      "each": "list",
      "provider": "provider.aws",
      "instances": []
    },
    {
      "module": "module.vpc",
      "mode": "managed",
      "type": "aws_vpc_endpoint",
      "name": "sagemaker_runtime",
      "each": "list",
      "provider": "provider.aws",
      "instances": []
    },
    {
      "module": "module.vpc",
      "mode": "managed",
      "type": "aws_vpc_endpoint",
      "name": "secretsmanager",
      "each": "list",
      "provider": "provider.aws",
      "instances": []
    },
    {
      "module": "module.vpc",
      "mode": "managed",
      "type": "aws_vpc_endpoint",
      "name": "servicecatalog",
      "each": "list",
      "provider": "provider.aws",
      "instances": []
    },
    {
      "module": "module.vpc",
      "mode": "managed",
      "type": "aws_vpc_endpoint",
      "name": "ses",
      "each": "list",
      "provider": "provider.aws",
      "instances": []
    },
    {
      "module": "module.vpc",
      "mode": "managed",
      "type": "aws_vpc_endpoint",
      "name": "sms",
      "each": "list",
      "provider": "provider.aws",
      "instances": []
    },
    {
      "module": "module.vpc",
      "mode": "managed",
      "type": "aws_vpc_endpoint",
      "name": "sns",
      "each": "list",
      "provider": "provider.aws",
      "instances": []
    },
    {
      "module": "module.vpc",
      "mode": "managed",
      "type": "aws_vpc_endpoint",
      "name": "sqs",
      "each": "list",
      "provider": "provider.aws",
      "instances": []
    },
    {
      "module": "module.vpc",
      "mode": "managed",
      "type": "aws_vpc_endpoint",
      "name": "ssm",
      "each": "list",
      "provider": "provider.aws",
      "instances": []
    },
    {
      "module": "module.vpc",
      "mode": "managed",
      "type": "aws_vpc_endpoint",
      "name": "ssmmessages",
      "each": "list",
      "provider": "provider.aws",
      "instances": []
    },
    {
      "module": "module.vpc",
      "mode": "managed",
      "type": "aws_vpc_endpoint",
      "name": "states",
      "each": "list",
      "provider": "provider.aws",
      "instances": []
    },
    {
      "module": "module.vpc",
      "mode": "managed",
      "type": "aws_vpc_endpoint",
      "name": "storagegateway",
      "each": "list",
      "provider": "provider.aws",
      "instances": []
    },
    {
      "module": "module.vpc",
      "mode": "managed",
      "type": "aws_vpc_endpoint",
      "name": "sts",
      "each": "list",
      "provider": "provider.aws",
      "instances": []
    },
    {
      "module": "module.vpc",
      "mode": "managed",
      "type": "aws_vpc_endpoint",
      "name": "transfer",
      "each": "list",
      "provider": "provider.aws",
      "instances": []
    },
    {
      "module": "module.vpc",
      "mode": "managed",
      "type": "aws_vpc_endpoint",
      "name": "transferserver",
      "each": "list",
      "provider": "provider.aws",
      "instances": []
    },
    {
      "module": "module.vpc",
      "mode": "managed",
      "type": "aws_vpc_endpoint",
      "name": "workspaces",
      "each": "list",
      "provider": "provider.aws",
      "instances": []
    },
    {
      "module": "module.vpc",
      "mode": "managed",
      "type": "aws_vpc_endpoint_route_table_association",
      "name": "intra_dynamodb",
      "each": "list",
      "provider": "provider.aws",
      "instances": []
    },
    {
      "module": "module.vpc",
      "mode": "managed",
      "type": "aws_vpc_endpoint_route_table_association",
      "name": "intra_s3",
      "each": "list",
      "provider": "provider.aws",
      "instances": []
    },
    {
      "module": "module.vpc",
      "mode": "managed",
      "type": "aws_vpc_endpoint_route_table_association",
      "name": "private_dynamodb",
      "each": "list",
      "provider": "provider.aws",
      "instances": []
    },
    {
      "module": "module.vpc",
      "mode": "managed",
      "type": "aws_vpc_endpoint_route_table_association",
      "name": "private_s3",
      "each": "list",
      "provider": "provider.aws",
      "instances": []
    },
    {
      "module": "module.vpc",
      "mode": "managed",
      "type": "aws_vpc_endpoint_route_table_association",
      "name": "public_dynamodb",
      "each": "list",
      "provider": "provider.aws",
      "instances": []
    },
    {
      "module": "module.vpc",
      "mode": "managed",
      "type": "aws_vpc_endpoint_route_table_association",
      "name": "public_s3",
      "each": "list",
      "provider": "provider.aws",
      "instances": []
    },
    {
      "module": "module.vpc",
      "mode": "managed",
      "type": "aws_vpc_ipv4_cidr_block_association",
      "name": "this",
      "each": "list",
      "provider": "provider.aws",
      "instances": []
    },
    {
      "module": "module.vpc",
      "mode": "managed",
      "type": "aws_vpn_gateway",
      "name": "this",
      "each": "list",
      "provider": "provider.aws",
      "instances": []
    },
    {
      "module": "module.vpc",
      "mode": "managed",
      "type": "aws_vpn_gateway_attachment",
      "name": "this",
      "each": "list",
      "provider": "provider.aws",
      "instances": []
    },
    {
      "module": "module.vpc",
      "mode": "managed",
      "type": "aws_vpn_gateway_route_propagation",
      "name": "intra",
      "each": "list",
      "provider": "provider.aws",
      "instances": []
    },
    {
      "module": "module.vpc",
      "mode": "managed",
      "type": "aws_vpn_gateway_route_propagation",
      "name": "private",
      "each": "list",
      "provider": "provider.aws",
      "instances": []
    },
    {
      "module": "module.vpc",
      "mode": "managed",
      "type": "aws_vpn_gateway_route_propagation",
      "name": "public",
      "each": "list",
      "provider": "provider.aws",
      "instances": []
    },
    {
      "mode": "managed",
      "type": "local_file",
      "name": "private_key",
      "provider": "provider.local",
      "instances": [
        {
          "schema_version": 0,
          "attributes": {
            "content": null,
            "content_base64": null,
            "directory_permission": "0777",
            "file_permission": "0777",
            "filename": "./outputs/id_rsa",
            "id": "e3f1997db855cb175b01985d20843cd6b8c2c0fa",
            "sensitive_content": "-----BEGIN RSA PRIVATE KEY-----\nMIIJKgIBAAKCAgEAroQyHLI9R4IUNLdJ+yULslOdjHBc2x/701m0c6M9KRym3BCD\nfiQJcqHZpNewm4iRwwyFz5wOSYcJrZNmpFVz5kuoFpwcnQLuIIr3DeETwRtSfGsf\n4cLZg5hXkK7P63y79vJU6iroDOWHJO5yUdmkdfan768tB0hrcMAi1CQgFaTVAy4D\nhfQIvQLOhWaBDXvMGDTvI3hNz25tZP95MB9iM7mYqTwO+k/EiwjbtrKMgBQ9lJXm\nk6ckNIwbEEcWKxv8sEF1dihrITf1b6F10DuwrY8/MCDlRJ3W8R6zGPmyMl2K1qmh\n3UU2eufJ+y9wZMP/o8yONT9xa4KS8bJ5S6G1eoWztRfugKD03U7XczJvagr695Ed\nQYlf5Ly6o81ddEsHp5nHT5NYwHRx5yTHpXVNUEeCMuZRylbCsnceEZNSlI/4TcQ9\n/u/1Tc3Hs3mAJ9biZcz9emJeTzJ8mweEeEVJVZhvdelJSdlKuU/3HgKGcKSLOc9S\n9+2nyWU/keUTg6wtnv/q72XJ9qRwEkrIscLvXWGC1PJmMmhOR4bbQCamAUkBustb\nCOvTpsFoHw7k/Sj0XRAtyJ2gQQ62tk7tHs1FtZLSLGYsusTFHXO06qVoOxGj+pPT\nneqhpN8pd/iSkzk8xebUVjWd1G1iYnjDF85fuHaqUWIti3I0rWyGlD20/4sCAwEA\nAQKCAgEAjscVAKlKvWBNC7wRSOnMIf+K3EVpktUeAJJZsmoRNbt9QHo6Ok9dc227\nVMQqd3VKW9u49lvkzH8widQYm8ZV5kproOPj/QlSrUlESxSkRs8Fs0kpclkqACH5\nMiPzc+Q/HBCzLEoiQ7rd0HdNDG4VwXUlfFFDc7vqOvrXA9zyawLKS6mvtD4tkAXl\n1PpCBzgLiJp2M/zPHDBqS8E/8wEaJNtpbLv4PQ5Z7K44o8Z8cKUepJvnY1HRqzQd\nSDoAhxCEsec8JIl47FqN8OCWNOFA8R5LQiMHsBW6rtbBDGPtSIuDdZCfHxrrMa7F\nbz4mpCo+0lIe3q2jK6ROeHPeDOSmRdZtpYOBNSYhmg9sppucDHD+nNqJO/xfwC57\nw1R8q2tgvPl3iBjEClpUsXmEj1qKTVm4Ha42Mg18VHvHwGbX3v+IzsXYTqKIpQc3\nBh1jTfKNEz/BZnXHAOLzwcGRh6QIMB3y6+V9/Lv1M5EJuI4XkX8DvtYYKXuaX6/3\n5zmZGSHfRah+Y8wy+eMaWJcIpsMnT93XgaCaqmh3jUIpNDpVZ7WD0LkVyf6CaFdG\nE9ZuaHc8CqMm6gwBa8ieNUm2tjhUkqLT3uROQVgiLeq87N/jtMs9UbmowZFvggv7\ngvwFM05rvKV8E+IffjgTI5jVuzoYuKGaRpvn74Jwf+vb6f06DwECggEBAMLHMuKr\ngzup7k0KLWiMjJVK6beGAW99tHshdaEeTKRDPRPtoErPxwZ+giRBGaWXEHVVWqos\nS+AtK2KL4Q+bcmL3HGMl85EbY63F5dkOuQsq5mXnr/yRBRYL07iIkxUYbRk6UBvY\nd6/6l93md/AG5C7MA1GdC/jjYlProRNcR7du6nf2HJUp4c1n05FD6Ot4m4d8Jcin\nhk9jT0i1Ywr0Ys+er8tEdm1MUFTzZ9ELXFhkTTxX5kY28aG7dxJPpFU9mmtgGG/b\nqat128OkFa4KLv/16hoJc9E14yovxO5WDqTrgrPtaCGNmxLHB2Npr95Reu0WJb+W\ns0oGe9/vNKI/jsECggEBAOVeo5Ees0xgLebQGVYtbHYGxQOWSJA8Sl8plOtSpRjK\nnw0U0HvhKfJERpjQOOk1n9YfGNBApnJQWFZabBtwSjygt7FeEyE+i1n/gU8UHP/b\n8oCzuwcT/MOfNkzWvmb0n9tU6wRFlPPM8FL+8l6y7Kd0CLa5H2XbaNx8SgnGziDD\nmLdDE5Bp93UMaOzAu/1Vwq1KuT8OjfvcPxQv76Kws765hJMGtzfpYgvdjxD/RCSe\n1bTU+KTC1Vw5EWH4kSIf8gUMLn0RL3j0eUSu0ByJ+p5TvEb6HSPt5LJv/PiIF5ap\nWONue0T3icS1j1X4gv2urgOQN1TxhlbMfHM4ZkbObUsCggEBAJuGBLp66nF0cSOw\nkateNk5qn417gZ/tRnPetpbso5OxYI6N+aRinW8xCmc6V+khYvHdMmSYtAkO6Apq\n2Ezm+QHOgCsmvYHK1d+GGc4j9FrXaVpLEflgLih5TxeUbaS1eT9gkWB6iq7IMATt\npizQw9gd7DR5anrTzMpnZZkY4Oa1uKAKsq3j4DlrwsHF8LA8ACvBVEYQhazUBhVv\nR+MSWeeftIxgYRNKkQYTyHxhTt4BUK5zHRpJesyB7ESBtRye8LL16u09/w86Lzza\nwrjRxs94IvGhRInzNiyUMfGAY3cJ2bYjRTctY3ot01dspxGkC7xNJ9z/zq632Kdo\nz6URjMECggEBANSJ9Zcrk4laNi6C9ndcb/yOGVFRmLvOoju8FDpawpFOcEN23hls\nc6oCikhf6dxvzERlXGDdB182BCVAdJyYWLIFWzIHskJD6mzizbexM44DCZso8E2G\nv9mlVnOtKZHNa7OZ5Ix4zaV8adT+WShXM+OXKdvnfqirv2dP5GtaxPanSIPIrABN\nsPfNIA0CKzB8n4BklXNQ0VBorirOoIdopaY90hNLTcuJf0jvbPqbD1G/vNdr4VsL\nDxn955WY9yNf5qu2tf0+R3cVUqnKMx2+3XSIsxYx/X6lmh2emBLUSMda9PsKDT/D\nAO4+LyvCs97OVoEGyb70bz9PDKLXyC4kajECggEAAw0lRSn+nYT+CM3udT4TM12a\nf5vFtF7cufvmXcnpNI6UMZXHKDgGmX6VruGLkPfVuXq5Kw/ClLRWfvkVQAepflhK\nglQUN8JUVVOm2PJRicDyYbCdmiSLyQMPFzcRNYTjQ9bqqLNkkBWJU/DWNbdm1G75\nPfQOY+y2y+IK5QhEeXNZq4YwHHPn6oZBvYUx7wZPt2zp1xIEgRVlqxWfIRFbikNG\nffssqsQKx5IwGO52FVDX8rBq4IVDVeCTeSoqXZTPJIjtBCdk2HoZp1uzd5Ky8bqa\nv2O/3ySanU+lmGWGCXzykdqGVOYG64SdvSahDB9u3cEo7XFLih0pqAgzSo9n0w==\n-----END RSA PRIVATE KEY-----\n"
          },
          "private": "bnVsbA==",
          "dependencies": [
            "tls_private_key.ssh"
          ]
        }
      ]
    },
    {
      "mode": "managed",
      "type": "local_file",
      "name": "public_key",
      "provider": "provider.local",
      "instances": [
        {
          "schema_version": 0,
          "attributes": {
            "content": "ssh-rsa AAAAB3NzaC1yc2EAAAADAQABAAACAQCuhDIcsj1HghQ0t0n7JQuyU52McFzbH/vTWbRzoz0pHKbcEIN+JAlyodmk17CbiJHDDIXPnA5Jhwmtk2akVXPmS6gWnBydAu4givcN4RPBG1J8ax/hwtmDmFeQrs/rfLv28lTqKugM5Yck7nJR2aR19qfvry0HSGtwwCLUJCAVpNUDLgOF9Ai9As6FZoENe8wYNO8jeE3Pbm1k/3kwH2IzuZipPA76T8SLCNu2soyAFD2UleaTpyQ0jBsQRxYrG/ywQXV2KGshN/VvoXXQO7Ctjz8wIOVEndbxHrMY+bIyXYrWqaHdRTZ658n7L3Bkw/+jzI41P3FrgpLxsnlLobV6hbO1F+6AoPTdTtdzMm9qCvr3kR1BiV/kvLqjzV10SwenmcdPk1jAdHHnJMeldU1QR4Iy5lHKVsKydx4Rk1KUj/hNxD3+7/VNzcezeYAn1uJlzP16Yl5PMnybB4R4RUlVmG916UlJ2Uq5T/ceAoZwpIs5z1L37afJZT+R5RODrC2e/+rvZcn2pHASSsixwu9dYYLU8mYyaE5HhttAJqYBSQG6y1sI69OmwWgfDuT9KPRdEC3InaBBDra2Tu0ezUW1ktIsZiy6xMUdc7TqpWg7EaP6k9Od6qGk3yl3+JKTOTzF5tRWNZ3UbWJieMMXzl+4dqpRYi2LcjStbIaUPbT/iw==\n",
            "content_base64": null,
            "directory_permission": "0777",
            "file_permission": "0777",
            "filename": "./outputs/id_rsa.pub",
            "id": "40f8e17fe5d828be086909078d1d9c529e2e91ec",
            "sensitive_content": null
          },
          "private": "bnVsbA==",
          "dependencies": [
            "tls_private_key.ssh"
          ]
        }
      ]
    },
    {
      "mode": "managed",
      "type": "tls_private_key",
      "name": "ssh",
      "provider": "provider.tls",
      "instances": [
        {
          "schema_version": 0,
          "attributes": {
            "algorithm": "RSA",
            "ecdsa_curve": "P224",
            "id": "f7e22295d887ddecf6e473e1400dd691cea4be20",
            "private_key_pem": "-----BEGIN RSA PRIVATE KEY-----\nMIIJKgIBAAKCAgEAroQyHLI9R4IUNLdJ+yULslOdjHBc2x/701m0c6M9KRym3BCD\nfiQJcqHZpNewm4iRwwyFz5wOSYcJrZNmpFVz5kuoFpwcnQLuIIr3DeETwRtSfGsf\n4cLZg5hXkK7P63y79vJU6iroDOWHJO5yUdmkdfan768tB0hrcMAi1CQgFaTVAy4D\nhfQIvQLOhWaBDXvMGDTvI3hNz25tZP95MB9iM7mYqTwO+k/EiwjbtrKMgBQ9lJXm\nk6ckNIwbEEcWKxv8sEF1dihrITf1b6F10DuwrY8/MCDlRJ3W8R6zGPmyMl2K1qmh\n3UU2eufJ+y9wZMP/o8yONT9xa4KS8bJ5S6G1eoWztRfugKD03U7XczJvagr695Ed\nQYlf5Ly6o81ddEsHp5nHT5NYwHRx5yTHpXVNUEeCMuZRylbCsnceEZNSlI/4TcQ9\n/u/1Tc3Hs3mAJ9biZcz9emJeTzJ8mweEeEVJVZhvdelJSdlKuU/3HgKGcKSLOc9S\n9+2nyWU/keUTg6wtnv/q72XJ9qRwEkrIscLvXWGC1PJmMmhOR4bbQCamAUkBustb\nCOvTpsFoHw7k/Sj0XRAtyJ2gQQ62tk7tHs1FtZLSLGYsusTFHXO06qVoOxGj+pPT\nneqhpN8pd/iSkzk8xebUVjWd1G1iYnjDF85fuHaqUWIti3I0rWyGlD20/4sCAwEA\nAQKCAgEAjscVAKlKvWBNC7wRSOnMIf+K3EVpktUeAJJZsmoRNbt9QHo6Ok9dc227\nVMQqd3VKW9u49lvkzH8widQYm8ZV5kproOPj/QlSrUlESxSkRs8Fs0kpclkqACH5\nMiPzc+Q/HBCzLEoiQ7rd0HdNDG4VwXUlfFFDc7vqOvrXA9zyawLKS6mvtD4tkAXl\n1PpCBzgLiJp2M/zPHDBqS8E/8wEaJNtpbLv4PQ5Z7K44o8Z8cKUepJvnY1HRqzQd\nSDoAhxCEsec8JIl47FqN8OCWNOFA8R5LQiMHsBW6rtbBDGPtSIuDdZCfHxrrMa7F\nbz4mpCo+0lIe3q2jK6ROeHPeDOSmRdZtpYOBNSYhmg9sppucDHD+nNqJO/xfwC57\nw1R8q2tgvPl3iBjEClpUsXmEj1qKTVm4Ha42Mg18VHvHwGbX3v+IzsXYTqKIpQc3\nBh1jTfKNEz/BZnXHAOLzwcGRh6QIMB3y6+V9/Lv1M5EJuI4XkX8DvtYYKXuaX6/3\n5zmZGSHfRah+Y8wy+eMaWJcIpsMnT93XgaCaqmh3jUIpNDpVZ7WD0LkVyf6CaFdG\nE9ZuaHc8CqMm6gwBa8ieNUm2tjhUkqLT3uROQVgiLeq87N/jtMs9UbmowZFvggv7\ngvwFM05rvKV8E+IffjgTI5jVuzoYuKGaRpvn74Jwf+vb6f06DwECggEBAMLHMuKr\ngzup7k0KLWiMjJVK6beGAW99tHshdaEeTKRDPRPtoErPxwZ+giRBGaWXEHVVWqos\nS+AtK2KL4Q+bcmL3HGMl85EbY63F5dkOuQsq5mXnr/yRBRYL07iIkxUYbRk6UBvY\nd6/6l93md/AG5C7MA1GdC/jjYlProRNcR7du6nf2HJUp4c1n05FD6Ot4m4d8Jcin\nhk9jT0i1Ywr0Ys+er8tEdm1MUFTzZ9ELXFhkTTxX5kY28aG7dxJPpFU9mmtgGG/b\nqat128OkFa4KLv/16hoJc9E14yovxO5WDqTrgrPtaCGNmxLHB2Npr95Reu0WJb+W\ns0oGe9/vNKI/jsECggEBAOVeo5Ees0xgLebQGVYtbHYGxQOWSJA8Sl8plOtSpRjK\nnw0U0HvhKfJERpjQOOk1n9YfGNBApnJQWFZabBtwSjygt7FeEyE+i1n/gU8UHP/b\n8oCzuwcT/MOfNkzWvmb0n9tU6wRFlPPM8FL+8l6y7Kd0CLa5H2XbaNx8SgnGziDD\nmLdDE5Bp93UMaOzAu/1Vwq1KuT8OjfvcPxQv76Kws765hJMGtzfpYgvdjxD/RCSe\n1bTU+KTC1Vw5EWH4kSIf8gUMLn0RL3j0eUSu0ByJ+p5TvEb6HSPt5LJv/PiIF5ap\nWONue0T3icS1j1X4gv2urgOQN1TxhlbMfHM4ZkbObUsCggEBAJuGBLp66nF0cSOw\nkateNk5qn417gZ/tRnPetpbso5OxYI6N+aRinW8xCmc6V+khYvHdMmSYtAkO6Apq\n2Ezm+QHOgCsmvYHK1d+GGc4j9FrXaVpLEflgLih5TxeUbaS1eT9gkWB6iq7IMATt\npizQw9gd7DR5anrTzMpnZZkY4Oa1uKAKsq3j4DlrwsHF8LA8ACvBVEYQhazUBhVv\nR+MSWeeftIxgYRNKkQYTyHxhTt4BUK5zHRpJesyB7ESBtRye8LL16u09/w86Lzza\nwrjRxs94IvGhRInzNiyUMfGAY3cJ2bYjRTctY3ot01dspxGkC7xNJ9z/zq632Kdo\nz6URjMECggEBANSJ9Zcrk4laNi6C9ndcb/yOGVFRmLvOoju8FDpawpFOcEN23hls\nc6oCikhf6dxvzERlXGDdB182BCVAdJyYWLIFWzIHskJD6mzizbexM44DCZso8E2G\nv9mlVnOtKZHNa7OZ5Ix4zaV8adT+WShXM+OXKdvnfqirv2dP5GtaxPanSIPIrABN\nsPfNIA0CKzB8n4BklXNQ0VBorirOoIdopaY90hNLTcuJf0jvbPqbD1G/vNdr4VsL\nDxn955WY9yNf5qu2tf0+R3cVUqnKMx2+3XSIsxYx/X6lmh2emBLUSMda9PsKDT/D\nAO4+LyvCs97OVoEGyb70bz9PDKLXyC4kajECggEAAw0lRSn+nYT+CM3udT4TM12a\nf5vFtF7cufvmXcnpNI6UMZXHKDgGmX6VruGLkPfVuXq5Kw/ClLRWfvkVQAepflhK\nglQUN8JUVVOm2PJRicDyYbCdmiSLyQMPFzcRNYTjQ9bqqLNkkBWJU/DWNbdm1G75\nPfQOY+y2y+IK5QhEeXNZq4YwHHPn6oZBvYUx7wZPt2zp1xIEgRVlqxWfIRFbikNG\nffssqsQKx5IwGO52FVDX8rBq4IVDVeCTeSoqXZTPJIjtBCdk2HoZp1uzd5Ky8bqa\nv2O/3ySanU+lmGWGCXzykdqGVOYG64SdvSahDB9u3cEo7XFLih0pqAgzSo9n0w==\n-----END RSA PRIVATE KEY-----\n",
            "public_key_fingerprint_md5": "53:ec:76:bb:ba:68:9f:28:76:f0:b1:c6:3f:18:32:9b",
            "public_key_openssh": "ssh-rsa AAAAB3NzaC1yc2EAAAADAQABAAACAQCuhDIcsj1HghQ0t0n7JQuyU52McFzbH/vTWbRzoz0pHKbcEIN+JAlyodmk17CbiJHDDIXPnA5Jhwmtk2akVXPmS6gWnBydAu4givcN4RPBG1J8ax/hwtmDmFeQrs/rfLv28lTqKugM5Yck7nJR2aR19qfvry0HSGtwwCLUJCAVpNUDLgOF9Ai9As6FZoENe8wYNO8jeE3Pbm1k/3kwH2IzuZipPA76T8SLCNu2soyAFD2UleaTpyQ0jBsQRxYrG/ywQXV2KGshN/VvoXXQO7Ctjz8wIOVEndbxHrMY+bIyXYrWqaHdRTZ658n7L3Bkw/+jzI41P3FrgpLxsnlLobV6hbO1F+6AoPTdTtdzMm9qCvr3kR1BiV/kvLqjzV10SwenmcdPk1jAdHHnJMeldU1QR4Iy5lHKVsKydx4Rk1KUj/hNxD3+7/VNzcezeYAn1uJlzP16Yl5PMnybB4R4RUlVmG916UlJ2Uq5T/ceAoZwpIs5z1L37afJZT+R5RODrC2e/+rvZcn2pHASSsixwu9dYYLU8mYyaE5HhttAJqYBSQG6y1sI69OmwWgfDuT9KPRdEC3InaBBDra2Tu0ezUW1ktIsZiy6xMUdc7TqpWg7EaP6k9Od6qGk3yl3+JKTOTzF5tRWNZ3UbWJieMMXzl+4dqpRYi2LcjStbIaUPbT/iw==\n",
            "public_key_pem": "-----BEGIN PUBLIC KEY-----\nMIICIjANBgkqhkiG9w0BAQEFAAOCAg8AMIICCgKCAgEAroQyHLI9R4IUNLdJ+yUL\nslOdjHBc2x/701m0c6M9KRym3BCDfiQJcqHZpNewm4iRwwyFz5wOSYcJrZNmpFVz\n5kuoFpwcnQLuIIr3DeETwRtSfGsf4cLZg5hXkK7P63y79vJU6iroDOWHJO5yUdmk\ndfan768tB0hrcMAi1CQgFaTVAy4DhfQIvQLOhWaBDXvMGDTvI3hNz25tZP95MB9i\nM7mYqTwO+k/EiwjbtrKMgBQ9lJXmk6ckNIwbEEcWKxv8sEF1dihrITf1b6F10Duw\nrY8/MCDlRJ3W8R6zGPmyMl2K1qmh3UU2eufJ+y9wZMP/o8yONT9xa4KS8bJ5S6G1\neoWztRfugKD03U7XczJvagr695EdQYlf5Ly6o81ddEsHp5nHT5NYwHRx5yTHpXVN\nUEeCMuZRylbCsnceEZNSlI/4TcQ9/u/1Tc3Hs3mAJ9biZcz9emJeTzJ8mweEeEVJ\nVZhvdelJSdlKuU/3HgKGcKSLOc9S9+2nyWU/keUTg6wtnv/q72XJ9qRwEkrIscLv\nXWGC1PJmMmhOR4bbQCamAUkBustbCOvTpsFoHw7k/Sj0XRAtyJ2gQQ62tk7tHs1F\ntZLSLGYsusTFHXO06qVoOxGj+pPTneqhpN8pd/iSkzk8xebUVjWd1G1iYnjDF85f\nuHaqUWIti3I0rWyGlD20/4sCAwEAAQ==\n-----END PUBLIC KEY-----\n",
            "rsa_bits": 4096
          },
          "private": "bnVsbA=="
        }
      ]
    }
  ]
}
